// !$*UTF8*$!
{
	archiveVersion = 1;
	classes = {
	};
	objectVersion = 52;
	objects = {

/* Begin PBXBuildFile section */
		7312867E257E084600FCEE69 /* EssentialFeediOS.framework in Frameworks */ = {isa = PBXBuildFile; fileRef = 73128675257E084600FCEE69 /* EssentialFeediOS.framework */; };
		731A2DC1257E519900D5D714 /* FeedUIIntegrationTests.swift in Sources */ = {isa = PBXBuildFile; fileRef = 731A2DC0257E519900D5D714 /* FeedUIIntegrationTests.swift */; };
		731A2DC9257E550F00D5D714 /* EssentialFeed.framework in Frameworks */ = {isa = PBXBuildFile; fileRef = 73258C7F2578C2310052ACF8 /* EssentialFeed.framework */; platformFilter = ios; };
		731A2DCA257E550F00D5D714 /* EssentialFeed.framework in Embed Frameworks */ = {isa = PBXBuildFile; fileRef = 73258C7F2578C2310052ACF8 /* EssentialFeed.framework */; platformFilter = ios; settings = {ATTRIBUTES = (CodeSignOnCopy, RemoveHeadersOnCopy, ); }; };
		731A2DD3257E55DF00D5D714 /* XCTestCase+MemoryLeakTracking.swift in Sources */ = {isa = PBXBuildFile; fileRef = 73E67A7B257A463B00130A20 /* XCTestCase+MemoryLeakTracking.swift */; };
		731A2DDA257E643600D5D714 /* FeedViewController.swift in Sources */ = {isa = PBXBuildFile; fileRef = 731A2DD9257E643600D5D714 /* FeedViewController.swift */; };
		731A2DE1257E7F8000D5D714 /* FeedImageCell.swift in Sources */ = {isa = PBXBuildFile; fileRef = 731A2DE0257E7F8000D5D714 /* FeedImageCell.swift */; };
		7320024B257D1B18002B9594 /* FeedStoreSpecs.swift in Sources */ = {isa = PBXBuildFile; fileRef = 7320024A257D1B18002B9594 /* FeedStoreSpecs.swift */; };
		73200250257D1BA0002B9594 /* XCTestCase+FeedStoreSpecs.swift in Sources */ = {isa = PBXBuildFile; fileRef = 7320024F257D1BA0002B9594 /* XCTestCase+FeedStoreSpecs.swift */; };
		73258C892578C2310052ACF8 /* EssentialFeed.framework in Frameworks */ = {isa = PBXBuildFile; fileRef = 73258C7F2578C2310052ACF8 /* EssentialFeed.framework */; };
		73258C9F2578C2F00052ACF8 /* FeedLoader.swift in Sources */ = {isa = PBXBuildFile; fileRef = 73258C9E2578C2F00052ACF8 /* FeedLoader.swift */; };
		73258CA32578C3780052ACF8 /* FeedImage.swift in Sources */ = {isa = PBXBuildFile; fileRef = 73258CA22578C3780052ACF8 /* FeedImage.swift */; };
		73258CAB2578C47D0052ACF8 /* LoadFeedFromRemoteUseCaseTests.swift in Sources */ = {isa = PBXBuildFile; fileRef = 73258CAA2578C47D0052ACF8 /* LoadFeedFromRemoteUseCaseTests.swift */; };
		73258CB02578D4360052ACF8 /* RemoteFeedLoader.swift in Sources */ = {isa = PBXBuildFile; fileRef = 73258CAF2578D4360052ACF8 /* RemoteFeedLoader.swift */; };
		733BCBAB2589103800114C88 /* FeedImageDataStore.swift in Sources */ = {isa = PBXBuildFile; fileRef = 733BCBAA2589103800114C88 /* FeedImageDataStore.swift */; };
		733BCBB22589108800114C88 /* LocalFeedImageDataLoader.swift in Sources */ = {isa = PBXBuildFile; fileRef = 733BCBB12589108800114C88 /* LocalFeedImageDataLoader.swift */; };
		733BCBBE2589159300114C88 /* FeedImageDataStoreSpy.swift in Sources */ = {isa = PBXBuildFile; fileRef = 733BCBBD2589159300114C88 /* FeedImageDataStoreSpy.swift */; };
		733BCBC52589163100114C88 /* CacheFeedImageDataUseCaseTests.swift in Sources */ = {isa = PBXBuildFile; fileRef = 733BCBC42589163100114C88 /* CacheFeedImageDataUseCaseTests.swift */; };
		733BCBCC258918EC00114C88 /* CoreDataFeedImageDataStoreTests.swift in Sources */ = {isa = PBXBuildFile; fileRef = 733BCBCB258918EC00114C88 /* CoreDataFeedImageDataStoreTests.swift */; };
		733BCBE325891F9A00114C88 /* CoreDataFeedStore+FeedImageDataLoader.swift in Sources */ = {isa = PBXBuildFile; fileRef = 733BCBE225891F9A00114C88 /* CoreDataFeedStore+FeedImageDataLoader.swift */; };
		733BCBEA258922B800114C88 /* CoreDataFeedStore+FeedStore.swift in Sources */ = {isa = PBXBuildFile; fileRef = 733BCBE9258922B800114C88 /* CoreDataFeedStore+FeedStore.swift */; };
		734066B8257BAD4700D12013 /* LocalFeedLoader.swift in Sources */ = {isa = PBXBuildFile; fileRef = 734066B7257BAD4700D12013 /* LocalFeedLoader.swift */; };
		734066BD257BADF400D12013 /* FeedStore.swift in Sources */ = {isa = PBXBuildFile; fileRef = 734066BC257BADF400D12013 /* FeedStore.swift */; };
		734066C2257BB6F700D12013 /* RemoteFeedItem.swift in Sources */ = {isa = PBXBuildFile; fileRef = 734066C1257BB6F700D12013 /* RemoteFeedItem.swift */; };
		734066C7257BB75900D12013 /* LocalFeedImage.swift in Sources */ = {isa = PBXBuildFile; fileRef = 734066C6257BB75900D12013 /* LocalFeedImage.swift */; };
		73473532258244E6000FA162 /* Feed.storyboard in Resources */ = {isa = PBXBuildFile; fileRef = 73473531258244E6000FA162 /* Feed.storyboard */; };
		7347353A2582459C000FA162 /* Feed.xcassets in Resources */ = {isa = PBXBuildFile; fileRef = 734735392582459C000FA162 /* Feed.xcassets */; };
		734735462582590E000FA162 /* UITableView+Dequeueing.swift in Sources */ = {isa = PBXBuildFile; fileRef = 734735452582590E000FA162 /* UITableView+Dequeueing.swift */; };
		7347355225825A0A000FA162 /* UIImageView+Animations.swift in Sources */ = {isa = PBXBuildFile; fileRef = 7347355125825A0A000FA162 /* UIImageView+Animations.swift */; };
		73473565258265B5000FA162 /* FeedUIIntegrationTests+Localization.swift in Sources */ = {isa = PBXBuildFile; fileRef = 73473564258265B5000FA162 /* FeedUIIntegrationTests+Localization.swift */; };
		734735B62582712B000FA162 /* MainQueueDispatchDecorator.swift in Sources */ = {isa = PBXBuildFile; fileRef = 734735B52582712B000FA162 /* MainQueueDispatchDecorator.swift */; };
		734735BD258271AD000FA162 /* WeakRefVirtualProxy.swift in Sources */ = {isa = PBXBuildFile; fileRef = 734735BC258271AD000FA162 /* WeakRefVirtualProxy.swift */; };
		734735C425827210000FA162 /* FeedImageDataLoaderPresentationAdapter.swift in Sources */ = {isa = PBXBuildFile; fileRef = 734735C325827210000FA162 /* FeedImageDataLoaderPresentationAdapter.swift */; };
		734735CB2582724F000FA162 /* FeedLoaderPresentationAdapter.swift in Sources */ = {isa = PBXBuildFile; fileRef = 734735CA2582724F000FA162 /* FeedLoaderPresentationAdapter.swift */; };
		734735D2258272DF000FA162 /* FeedViewAdapter.swift in Sources */ = {isa = PBXBuildFile; fileRef = 734735D1258272DF000FA162 /* FeedViewAdapter.swift */; };
		7347B3D6257FAA3E00E22E64 /* FeedImageCellController.swift in Sources */ = {isa = PBXBuildFile; fileRef = 7347B3D5257FAA3E00E22E64 /* FeedImageCellController.swift */; };
		7347B3DE257FAE3800E22E64 /* FeedUIComposer.swift in Sources */ = {isa = PBXBuildFile; fileRef = 7347B3DD257FAE3800E22E64 /* FeedUIComposer.swift */; };
		735E2D79257BDF93005DD231 /* ValidateFeedCacheUseCaseTests.swift in Sources */ = {isa = PBXBuildFile; fileRef = 735E2D78257BDF93005DD231 /* ValidateFeedCacheUseCaseTests.swift */; };
		735E2D7E257BE426005DD231 /* FeedCacheTestHelpers.swift in Sources */ = {isa = PBXBuildFile; fileRef = 735E2D7D257BE426005DD231 /* FeedCacheTestHelpers.swift */; };
		735E2D83257BE503005DD231 /* SharedTestHelpers.swift in Sources */ = {isa = PBXBuildFile; fileRef = 735E2D82257BE503005DD231 /* SharedTestHelpers.swift */; };
		735E2D88257BEF78005DD231 /* FeedCachePolicy.swift in Sources */ = {isa = PBXBuildFile; fileRef = 735E2D87257BEF78005DD231 /* FeedCachePolicy.swift */; };
		7371E9292583751A000CC0CF /* FeedPresenterTests.swift in Sources */ = {isa = PBXBuildFile; fileRef = 7371E9282583751A000CC0CF /* FeedPresenterTests.swift */; };
		7371E94025837D96000CC0CF /* ErrorView.swift in Sources */ = {isa = PBXBuildFile; fileRef = 7371E93F25837D96000CC0CF /* ErrorView.swift */; };
		7371E95425838287000CC0CF /* UIRefreshControl+Helpers.swift in Sources */ = {isa = PBXBuildFile; fileRef = 7371E95325838287000CC0CF /* UIRefreshControl+Helpers.swift */; };
		737D0E95257D20AC00D2E8A5 /* XCTestCase+FailableRetrieveFeedStoreSpecs.swift in Sources */ = {isa = PBXBuildFile; fileRef = 737D0E94257D20AC00D2E8A5 /* XCTestCase+FailableRetrieveFeedStoreSpecs.swift */; };
		737D0E9A257D212800D2E8A5 /* XCTestCase+FailableInsertFeedStoreSpecs.swift in Sources */ = {isa = PBXBuildFile; fileRef = 737D0E99257D212800D2E8A5 /* XCTestCase+FailableInsertFeedStoreSpecs.swift */; };
		737D0E9F257D21AC00D2E8A5 /* XCTestCase+FailableDeleteFeedStoreSpecs.swift in Sources */ = {isa = PBXBuildFile; fileRef = 737D0E9E257D21AC00D2E8A5 /* XCTestCase+FailableDeleteFeedStoreSpecs.swift */; };
		737D0EA8257D29AE00D2E8A5 /* CoreDataFeedStoreTests.swift in Sources */ = {isa = PBXBuildFile; fileRef = 737D0EA7257D29AE00D2E8A5 /* CoreDataFeedStoreTests.swift */; };
		737D0EB0257D2A4400D2E8A5 /* CoreDataFeedStore.swift in Sources */ = {isa = PBXBuildFile; fileRef = 737D0EAF257D2A4400D2E8A5 /* CoreDataFeedStore.swift */; };
		737D0EB6257D2C6600D2E8A5 /* FeedStore.xcdatamodeld in Sources */ = {isa = PBXBuildFile; fileRef = 737D0EB4257D2C6600D2E8A5 /* FeedStore.xcdatamodeld */; };
		737D0ED5257D3DAE00D2E8A5 /* CoreDataHelpers.swift in Sources */ = {isa = PBXBuildFile; fileRef = 737D0ED4257D3DAE00D2E8A5 /* CoreDataHelpers.swift */; };
		737D0EDA257D3E1E00D2E8A5 /* ManagedCache.swift in Sources */ = {isa = PBXBuildFile; fileRef = 737D0ED9257D3E1E00D2E8A5 /* ManagedCache.swift */; };
		737D0EDF257D3E5A00D2E8A5 /* ManagedFeedImage.swift in Sources */ = {isa = PBXBuildFile; fileRef = 737D0EDE257D3E5A00D2E8A5 /* ManagedFeedImage.swift */; };
		737D0EEA257D405600D2E8A5 /* EssentialFeedCacheIntegrationTests.swift in Sources */ = {isa = PBXBuildFile; fileRef = 737D0EE9257D405600D2E8A5 /* EssentialFeedCacheIntegrationTests.swift */; };
		737D0EEC257D405600D2E8A5 /* EssentialFeed.framework in Frameworks */ = {isa = PBXBuildFile; fileRef = 73258C7F2578C2310052ACF8 /* EssentialFeed.framework */; };
		737D0EF6257D41CD00D2E8A5 /* XCTestCase+MemoryLeakTracking.swift in Sources */ = {isa = PBXBuildFile; fileRef = 73E67A7B257A463B00130A20 /* XCTestCase+MemoryLeakTracking.swift */; };
		737D0EFB257D434200D2E8A5 /* SharedTestHelpers.swift in Sources */ = {isa = PBXBuildFile; fileRef = 735E2D82257BE503005DD231 /* SharedTestHelpers.swift */; };
		737D0F00257D435200D2E8A5 /* FeedCacheTestHelpers.swift in Sources */ = {isa = PBXBuildFile; fileRef = 735E2D7D257BE426005DD231 /* FeedCacheTestHelpers.swift */; };
		737F076E2584D45A007A6A2E /* FeedImagePresenter.swift in Sources */ = {isa = PBXBuildFile; fileRef = 737F076D2584D45A007A6A2E /* FeedImagePresenter.swift */; };
		737F077A2584D502007A6A2E /* FeedImageViewModel.swift in Sources */ = {isa = PBXBuildFile; fileRef = 737F07792584D502007A6A2E /* FeedImageViewModel.swift */; };
		738E61BB25795538004C2A00 /* HTTPClient.swift in Sources */ = {isa = PBXBuildFile; fileRef = 738E61BA25795538004C2A00 /* HTTPClient.swift */; };
		738E61BF25795593004C2A00 /* FeedItemsMapper.swift in Sources */ = {isa = PBXBuildFile; fileRef = 738E61BE25795593004C2A00 /* FeedItemsMapper.swift */; };
		738E61C8257967FE004C2A00 /* URLSessionHTTPClientTests.swift in Sources */ = {isa = PBXBuildFile; fileRef = 738E61C7257967FE004C2A00 /* URLSessionHTTPClientTests.swift */; };
		739BD5E6257BBCEB000FCF7C /* LoadFeedFromCacheUseCaseTests.swift in Sources */ = {isa = PBXBuildFile; fileRef = 739BD5E5257BBCEB000FCF7C /* LoadFeedFromCacheUseCaseTests.swift */; };
		739BD5EC257BBF5A000FCF7C /* FeedStoreSpy.swift in Sources */ = {isa = PBXBuildFile; fileRef = 739BD5EB257BBF5A000FCF7C /* FeedStoreSpy.swift */; };
		73A077662583934D00C44865 /* FeedPresenter.swift in Sources */ = {isa = PBXBuildFile; fileRef = 73A077652583934D00C44865 /* FeedPresenter.swift */; };
		73A077922583986C00C44865 /* FeedViewModel.swift in Sources */ = {isa = PBXBuildFile; fileRef = 73A077912583986C00C44865 /* FeedViewModel.swift */; };
		73A0779E258398BC00C44865 /* FeedLoadingViewModel.swift in Sources */ = {isa = PBXBuildFile; fileRef = 73A0779D258398BC00C44865 /* FeedLoadingViewModel.swift */; };
		73A077A6258398FC00C44865 /* FeedErrorViewModel.swift in Sources */ = {isa = PBXBuildFile; fileRef = 73A077A5258398FC00C44865 /* FeedErrorViewModel.swift */; };
		73A077BC25839D9900C44865 /* Feed.strings in Resources */ = {isa = PBXBuildFile; fileRef = 73A077842583976E00C44865 /* Feed.strings */; };
		73A077CC2583A13000C44865 /* FeedLocalizationTests.swift in Sources */ = {isa = PBXBuildFile; fileRef = 734735A925826A10000FA162 /* FeedLocalizationTests.swift */; };
		73A077DD2583B0AF00C44865 /* FeedImagePresenterTests.swift in Sources */ = {isa = PBXBuildFile; fileRef = 73A077DC2583B0AF00C44865 /* FeedImagePresenterTests.swift */; };
		73B8451825862F38003D130B /* FeedImageDataLoader.swift in Sources */ = {isa = PBXBuildFile; fileRef = 73FDA244257FA13A006193AD /* FeedImageDataLoader.swift */; };
		73B84524258749FE003D130B /* LoadFeedImageDataFromRemoteUseCaseTests.swift.swift in Sources */ = {isa = PBXBuildFile; fileRef = 73B84523258749FE003D130B /* LoadFeedImageDataFromRemoteUseCaseTests.swift.swift */; };
		73B8453625875CBD003D130B /* HTTPClientSpy.swift in Sources */ = {isa = PBXBuildFile; fileRef = 73B8453525875CBD003D130B /* HTTPClientSpy.swift */; };
		73B8454225875D59003D130B /* RemoteFeedImageDataLoader.swift in Sources */ = {isa = PBXBuildFile; fileRef = 73B8454125875D59003D130B /* RemoteFeedImageDataLoader.swift */; };
		73B8454A258761F5003D130B /* HTTPURLResponse+StatusCode.swift in Sources */ = {isa = PBXBuildFile; fileRef = 73B84549258761F5003D130B /* HTTPURLResponse+StatusCode.swift */; };
		73B8455625876297003D130B /* URLProtocolStub.swift in Sources */ = {isa = PBXBuildFile; fileRef = 73B8455525876297003D130B /* URLProtocolStub.swift */; };
		73B84562258763A8003D130B /* LoadFeedImageDataFromCacheUseCaseTests.swift in Sources */ = {isa = PBXBuildFile; fileRef = 73B84561258763A8003D130B /* LoadFeedImageDataFromCacheUseCaseTests.swift */; };
		73E67A7C257A463B00130A20 /* XCTestCase+MemoryLeakTracking.swift in Sources */ = {isa = PBXBuildFile; fileRef = 73E67A7B257A463B00130A20 /* XCTestCase+MemoryLeakTracking.swift */; };
		73E67A82257A68AA00130A20 /* URLSessionHTTPClient.swift in Sources */ = {isa = PBXBuildFile; fileRef = 73E67A81257A68AA00130A20 /* URLSessionHTTPClient.swift */; };
		73E67A8C257A7B3600130A20 /* EssentialFeedAPIEndToEndTests.swift in Sources */ = {isa = PBXBuildFile; fileRef = 73E67A8B257A7B3600130A20 /* EssentialFeedAPIEndToEndTests.swift */; };
		73E67A8E257A7B3600130A20 /* EssentialFeed.framework in Frameworks */ = {isa = PBXBuildFile; fileRef = 73258C7F2578C2310052ACF8 /* EssentialFeed.framework */; };
		73E67A9A257A82EE00130A20 /* XCTestCase+MemoryLeakTracking.swift in Sources */ = {isa = PBXBuildFile; fileRef = 73E67A7B257A463B00130A20 /* XCTestCase+MemoryLeakTracking.swift */; };
		73E67AA6257B8EBE00130A20 /* CacheFeedUseCaseTests.swift in Sources */ = {isa = PBXBuildFile; fileRef = 73E67AA5257B8EBE00130A20 /* CacheFeedUseCaseTests.swift */; };
		73EB339D258C918C001B46A2 /* FeedCache.swift in Sources */ = {isa = PBXBuildFile; fileRef = 73EB339C258C918C001B46A2 /* FeedCache.swift */; };
		73EB33B5258C9690001B46A2 /* FeedImageDataCache.swift in Sources */ = {isa = PBXBuildFile; fileRef = 73EB33B4258C9690001B46A2 /* FeedImageDataCache.swift */; };
		73FDA1F6257F88BE006193AD /* UIView+Shimmering.swift in Sources */ = {isa = PBXBuildFile; fileRef = 73FDA1F5257F88BE006193AD /* UIView+Shimmering.swift */; };
		73FDA1FF257F9C1B006193AD /* UIImage+TestHelpers.swift in Sources */ = {isa = PBXBuildFile; fileRef = 73FDA1FE257F9C1B006193AD /* UIImage+TestHelpers.swift */; };
		73FDA20B257F9C79006193AD /* UIRefreshControl+TestHelpers.swift in Sources */ = {isa = PBXBuildFile; fileRef = 73FDA20A257F9C79006193AD /* UIRefreshControl+TestHelpers.swift */; };
		73FDA212257F9CB5006193AD /* UIButton+TestHelpers.swift in Sources */ = {isa = PBXBuildFile; fileRef = 73FDA211257F9CB5006193AD /* UIButton+TestHelpers.swift */; };
		73FDA219257F9CFB006193AD /* UIControl+TestHelpers.swift in Sources */ = {isa = PBXBuildFile; fileRef = 73FDA218257F9CFB006193AD /* UIControl+TestHelpers.swift */; };
		73FDA224257F9E5C006193AD /* FeedViewController+TestHelpers.swift in Sources */ = {isa = PBXBuildFile; fileRef = 73FDA223257F9E5C006193AD /* FeedViewController+TestHelpers.swift */; };
		73FDA230257F9FCD006193AD /* FeedImageCell+TestHelpers.swift in Sources */ = {isa = PBXBuildFile; fileRef = 73FDA22F257F9FCD006193AD /* FeedImageCell+TestHelpers.swift */; };
		73FDA237257FA02A006193AD /* FeedUIIntegrationTests+LoaderSpy.swift in Sources */ = {isa = PBXBuildFile; fileRef = 73FDA236257FA02A006193AD /* FeedUIIntegrationTests+LoaderSpy.swift */; };
		73FDA23E257FA090006193AD /* FeedUIIntegrationTests+Assertions.swift in Sources */ = {isa = PBXBuildFile; fileRef = 73FDA23D257FA090006193AD /* FeedUIIntegrationTests+Assertions.swift */; };
/* End PBXBuildFile section */

/* Begin PBXContainerItemProxy section */
		7312867F257E084600FCEE69 /* PBXContainerItemProxy */ = {
			isa = PBXContainerItemProxy;
			containerPortal = 73258C762578C2310052ACF8 /* Project object */;
			proxyType = 1;
			remoteGlobalIDString = 73128674257E084600FCEE69;
			remoteInfo = EssentialFeediOS;
		};
		731A2DCB257E550F00D5D714 /* PBXContainerItemProxy */ = {
			isa = PBXContainerItemProxy;
			containerPortal = 73258C762578C2310052ACF8 /* Project object */;
			proxyType = 1;
			remoteGlobalIDString = 73258C7E2578C2310052ACF8;
			remoteInfo = EssentialFeed;
		};
		73258C8A2578C2310052ACF8 /* PBXContainerItemProxy */ = {
			isa = PBXContainerItemProxy;
			containerPortal = 73258C762578C2310052ACF8 /* Project object */;
			proxyType = 1;
			remoteGlobalIDString = 73258C7E2578C2310052ACF8;
			remoteInfo = EssentialFeed;
		};
		737D0EED257D405600D2E8A5 /* PBXContainerItemProxy */ = {
			isa = PBXContainerItemProxy;
			containerPortal = 73258C762578C2310052ACF8 /* Project object */;
			proxyType = 1;
			remoteGlobalIDString = 73258C7E2578C2310052ACF8;
			remoteInfo = EssentialFeed;
		};
		73E67A8F257A7B3600130A20 /* PBXContainerItemProxy */ = {
			isa = PBXContainerItemProxy;
			containerPortal = 73258C762578C2310052ACF8 /* Project object */;
			proxyType = 1;
			remoteGlobalIDString = 73258C7E2578C2310052ACF8;
			remoteInfo = EssentialFeed;
		};
/* End PBXContainerItemProxy section */

/* Begin PBXCopyFilesBuildPhase section */
		731A2DCD257E550F00D5D714 /* Embed Frameworks */ = {
			isa = PBXCopyFilesBuildPhase;
			buildActionMask = 2147483647;
			dstPath = "";
			dstSubfolderSpec = 10;
			files = (
				731A2DCA257E550F00D5D714 /* EssentialFeed.framework in Embed Frameworks */,
			);
			name = "Embed Frameworks";
			runOnlyForDeploymentPostprocessing = 0;
		};
/* End PBXCopyFilesBuildPhase section */

/* Begin PBXFileReference section */
		73128675257E084600FCEE69 /* EssentialFeediOS.framework */ = {isa = PBXFileReference; explicitFileType = wrapper.framework; includeInIndex = 0; path = EssentialFeediOS.framework; sourceTree = BUILT_PRODUCTS_DIR; };
		73128678257E084600FCEE69 /* Info.plist */ = {isa = PBXFileReference; lastKnownFileType = text.plist.xml; path = Info.plist; sourceTree = "<group>"; };
		7312867D257E084600FCEE69 /* EssentialFeediOSTests.xctest */ = {isa = PBXFileReference; explicitFileType = wrapper.cfbundle; includeInIndex = 0; path = EssentialFeediOSTests.xctest; sourceTree = BUILT_PRODUCTS_DIR; };
		73128684257E084600FCEE69 /* Info.plist */ = {isa = PBXFileReference; lastKnownFileType = text.plist.xml; path = Info.plist; sourceTree = "<group>"; };
		731A2DC0257E519900D5D714 /* FeedUIIntegrationTests.swift */ = {isa = PBXFileReference; lastKnownFileType = sourcecode.swift; path = FeedUIIntegrationTests.swift; sourceTree = "<group>"; };
		731A2DD9257E643600D5D714 /* FeedViewController.swift */ = {isa = PBXFileReference; lastKnownFileType = sourcecode.swift; path = FeedViewController.swift; sourceTree = "<group>"; };
		731A2DE0257E7F8000D5D714 /* FeedImageCell.swift */ = {isa = PBXFileReference; lastKnownFileType = sourcecode.swift; path = FeedImageCell.swift; sourceTree = "<group>"; };
		7320024A257D1B18002B9594 /* FeedStoreSpecs.swift */ = {isa = PBXFileReference; lastKnownFileType = sourcecode.swift; path = FeedStoreSpecs.swift; sourceTree = "<group>"; };
		7320024F257D1BA0002B9594 /* XCTestCase+FeedStoreSpecs.swift */ = {isa = PBXFileReference; lastKnownFileType = sourcecode.swift; path = "XCTestCase+FeedStoreSpecs.swift"; sourceTree = "<group>"; };
		73258C7F2578C2310052ACF8 /* EssentialFeed.framework */ = {isa = PBXFileReference; explicitFileType = wrapper.framework; includeInIndex = 0; path = EssentialFeed.framework; sourceTree = BUILT_PRODUCTS_DIR; };
		73258C832578C2310052ACF8 /* Info.plist */ = {isa = PBXFileReference; lastKnownFileType = text.plist.xml; path = Info.plist; sourceTree = "<group>"; };
		73258C882578C2310052ACF8 /* EssentialFeedTests.xctest */ = {isa = PBXFileReference; explicitFileType = wrapper.cfbundle; includeInIndex = 0; path = EssentialFeedTests.xctest; sourceTree = BUILT_PRODUCTS_DIR; };
		73258C8F2578C2310052ACF8 /* Info.plist */ = {isa = PBXFileReference; lastKnownFileType = text.plist.xml; path = Info.plist; sourceTree = "<group>"; };
		73258C9E2578C2F00052ACF8 /* FeedLoader.swift */ = {isa = PBXFileReference; lastKnownFileType = sourcecode.swift; path = FeedLoader.swift; sourceTree = "<group>"; };
		73258CA22578C3780052ACF8 /* FeedImage.swift */ = {isa = PBXFileReference; lastKnownFileType = sourcecode.swift; path = FeedImage.swift; sourceTree = "<group>"; };
		73258CAA2578C47D0052ACF8 /* LoadFeedFromRemoteUseCaseTests.swift */ = {isa = PBXFileReference; lastKnownFileType = sourcecode.swift; path = LoadFeedFromRemoteUseCaseTests.swift; sourceTree = "<group>"; };
		73258CAF2578D4360052ACF8 /* RemoteFeedLoader.swift */ = {isa = PBXFileReference; lastKnownFileType = sourcecode.swift; path = RemoteFeedLoader.swift; sourceTree = "<group>"; };
		733BCBAA2589103800114C88 /* FeedImageDataStore.swift */ = {isa = PBXFileReference; lastKnownFileType = sourcecode.swift; path = FeedImageDataStore.swift; sourceTree = "<group>"; };
		733BCBB12589108800114C88 /* LocalFeedImageDataLoader.swift */ = {isa = PBXFileReference; lastKnownFileType = sourcecode.swift; path = LocalFeedImageDataLoader.swift; sourceTree = "<group>"; };
		733BCBBD2589159300114C88 /* FeedImageDataStoreSpy.swift */ = {isa = PBXFileReference; lastKnownFileType = sourcecode.swift; path = FeedImageDataStoreSpy.swift; sourceTree = "<group>"; };
		733BCBC42589163100114C88 /* CacheFeedImageDataUseCaseTests.swift */ = {isa = PBXFileReference; lastKnownFileType = sourcecode.swift; path = CacheFeedImageDataUseCaseTests.swift; sourceTree = "<group>"; };
		733BCBCB258918EC00114C88 /* CoreDataFeedImageDataStoreTests.swift */ = {isa = PBXFileReference; lastKnownFileType = sourcecode.swift; path = CoreDataFeedImageDataStoreTests.swift; sourceTree = "<group>"; };
		733BCBD725891C5500114C88 /* FeedStore 2.xcdatamodel */ = {isa = PBXFileReference; lastKnownFileType = wrapper.xcdatamodel; path = "FeedStore 2.xcdatamodel"; sourceTree = "<group>"; };
		733BCBE225891F9A00114C88 /* CoreDataFeedStore+FeedImageDataLoader.swift */ = {isa = PBXFileReference; lastKnownFileType = sourcecode.swift; path = "CoreDataFeedStore+FeedImageDataLoader.swift"; sourceTree = "<group>"; };
		733BCBE9258922B800114C88 /* CoreDataFeedStore+FeedStore.swift */ = {isa = PBXFileReference; lastKnownFileType = sourcecode.swift; path = "CoreDataFeedStore+FeedStore.swift"; sourceTree = "<group>"; };
		734066B7257BAD4700D12013 /* LocalFeedLoader.swift */ = {isa = PBXFileReference; lastKnownFileType = sourcecode.swift; path = LocalFeedLoader.swift; sourceTree = "<group>"; };
		734066BC257BADF400D12013 /* FeedStore.swift */ = {isa = PBXFileReference; lastKnownFileType = sourcecode.swift; path = FeedStore.swift; sourceTree = "<group>"; };
		734066C1257BB6F700D12013 /* RemoteFeedItem.swift */ = {isa = PBXFileReference; lastKnownFileType = sourcecode.swift; path = RemoteFeedItem.swift; sourceTree = "<group>"; };
		734066C6257BB75900D12013 /* LocalFeedImage.swift */ = {isa = PBXFileReference; lastKnownFileType = sourcecode.swift; path = LocalFeedImage.swift; sourceTree = "<group>"; };
		73473531258244E6000FA162 /* Feed.storyboard */ = {isa = PBXFileReference; lastKnownFileType = file.storyboard; path = Feed.storyboard; sourceTree = "<group>"; };
		734735392582459C000FA162 /* Feed.xcassets */ = {isa = PBXFileReference; lastKnownFileType = folder.assetcatalog; path = Feed.xcassets; sourceTree = "<group>"; };
		734735452582590E000FA162 /* UITableView+Dequeueing.swift */ = {isa = PBXFileReference; lastKnownFileType = sourcecode.swift; path = "UITableView+Dequeueing.swift"; sourceTree = "<group>"; };
		7347355125825A0A000FA162 /* UIImageView+Animations.swift */ = {isa = PBXFileReference; lastKnownFileType = sourcecode.swift; path = "UIImageView+Animations.swift"; sourceTree = "<group>"; };
		73473564258265B5000FA162 /* FeedUIIntegrationTests+Localization.swift */ = {isa = PBXFileReference; lastKnownFileType = sourcecode.swift; path = "FeedUIIntegrationTests+Localization.swift"; sourceTree = "<group>"; };
		734735A925826A10000FA162 /* FeedLocalizationTests.swift */ = {isa = PBXFileReference; lastKnownFileType = sourcecode.swift; path = FeedLocalizationTests.swift; sourceTree = "<group>"; };
		734735B52582712B000FA162 /* MainQueueDispatchDecorator.swift */ = {isa = PBXFileReference; lastKnownFileType = sourcecode.swift; path = MainQueueDispatchDecorator.swift; sourceTree = "<group>"; };
		734735BC258271AD000FA162 /* WeakRefVirtualProxy.swift */ = {isa = PBXFileReference; lastKnownFileType = sourcecode.swift; path = WeakRefVirtualProxy.swift; sourceTree = "<group>"; };
		734735C325827210000FA162 /* FeedImageDataLoaderPresentationAdapter.swift */ = {isa = PBXFileReference; lastKnownFileType = sourcecode.swift; path = FeedImageDataLoaderPresentationAdapter.swift; sourceTree = "<group>"; };
		734735CA2582724F000FA162 /* FeedLoaderPresentationAdapter.swift */ = {isa = PBXFileReference; lastKnownFileType = sourcecode.swift; path = FeedLoaderPresentationAdapter.swift; sourceTree = "<group>"; };
		734735D1258272DF000FA162 /* FeedViewAdapter.swift */ = {isa = PBXFileReference; lastKnownFileType = sourcecode.swift; path = FeedViewAdapter.swift; sourceTree = "<group>"; };
		7347B3D5257FAA3E00E22E64 /* FeedImageCellController.swift */ = {isa = PBXFileReference; lastKnownFileType = sourcecode.swift; path = FeedImageCellController.swift; sourceTree = "<group>"; };
		7347B3DD257FAE3800E22E64 /* FeedUIComposer.swift */ = {isa = PBXFileReference; lastKnownFileType = sourcecode.swift; path = FeedUIComposer.swift; sourceTree = "<group>"; };
		735E2D78257BDF93005DD231 /* ValidateFeedCacheUseCaseTests.swift */ = {isa = PBXFileReference; lastKnownFileType = sourcecode.swift; path = ValidateFeedCacheUseCaseTests.swift; sourceTree = "<group>"; };
		735E2D7D257BE426005DD231 /* FeedCacheTestHelpers.swift */ = {isa = PBXFileReference; lastKnownFileType = sourcecode.swift; path = FeedCacheTestHelpers.swift; sourceTree = "<group>"; };
		735E2D82257BE503005DD231 /* SharedTestHelpers.swift */ = {isa = PBXFileReference; lastKnownFileType = sourcecode.swift; path = SharedTestHelpers.swift; sourceTree = "<group>"; };
		735E2D87257BEF78005DD231 /* FeedCachePolicy.swift */ = {isa = PBXFileReference; lastKnownFileType = sourcecode.swift; path = FeedCachePolicy.swift; sourceTree = "<group>"; };
		7371E9282583751A000CC0CF /* FeedPresenterTests.swift */ = {isa = PBXFileReference; lastKnownFileType = sourcecode.swift; path = FeedPresenterTests.swift; sourceTree = "<group>"; };
		7371E93F25837D96000CC0CF /* ErrorView.swift */ = {isa = PBXFileReference; lastKnownFileType = sourcecode.swift; path = ErrorView.swift; sourceTree = "<group>"; };
		7371E95325838287000CC0CF /* UIRefreshControl+Helpers.swift */ = {isa = PBXFileReference; lastKnownFileType = sourcecode.swift; path = "UIRefreshControl+Helpers.swift"; sourceTree = "<group>"; };
		737D0E94257D20AC00D2E8A5 /* XCTestCase+FailableRetrieveFeedStoreSpecs.swift */ = {isa = PBXFileReference; lastKnownFileType = sourcecode.swift; path = "XCTestCase+FailableRetrieveFeedStoreSpecs.swift"; sourceTree = "<group>"; };
		737D0E99257D212800D2E8A5 /* XCTestCase+FailableInsertFeedStoreSpecs.swift */ = {isa = PBXFileReference; lastKnownFileType = sourcecode.swift; path = "XCTestCase+FailableInsertFeedStoreSpecs.swift"; sourceTree = "<group>"; };
		737D0E9E257D21AC00D2E8A5 /* XCTestCase+FailableDeleteFeedStoreSpecs.swift */ = {isa = PBXFileReference; lastKnownFileType = sourcecode.swift; path = "XCTestCase+FailableDeleteFeedStoreSpecs.swift"; sourceTree = "<group>"; };
		737D0EA7257D29AE00D2E8A5 /* CoreDataFeedStoreTests.swift */ = {isa = PBXFileReference; lastKnownFileType = sourcecode.swift; path = CoreDataFeedStoreTests.swift; sourceTree = "<group>"; };
		737D0EAF257D2A4400D2E8A5 /* CoreDataFeedStore.swift */ = {isa = PBXFileReference; lastKnownFileType = sourcecode.swift; path = CoreDataFeedStore.swift; sourceTree = "<group>"; };
		737D0EB5257D2C6600D2E8A5 /* FeedStore.xcdatamodel */ = {isa = PBXFileReference; lastKnownFileType = wrapper.xcdatamodel; path = FeedStore.xcdatamodel; sourceTree = "<group>"; };
		737D0ED4257D3DAE00D2E8A5 /* CoreDataHelpers.swift */ = {isa = PBXFileReference; lastKnownFileType = sourcecode.swift; path = CoreDataHelpers.swift; sourceTree = "<group>"; };
		737D0ED9257D3E1E00D2E8A5 /* ManagedCache.swift */ = {isa = PBXFileReference; lastKnownFileType = sourcecode.swift; path = ManagedCache.swift; sourceTree = "<group>"; };
		737D0EDE257D3E5A00D2E8A5 /* ManagedFeedImage.swift */ = {isa = PBXFileReference; lastKnownFileType = sourcecode.swift; path = ManagedFeedImage.swift; sourceTree = "<group>"; };
		737D0EE7257D405600D2E8A5 /* EssentialFeedCacheIntegrationTests.xctest */ = {isa = PBXFileReference; explicitFileType = wrapper.cfbundle; includeInIndex = 0; path = EssentialFeedCacheIntegrationTests.xctest; sourceTree = BUILT_PRODUCTS_DIR; };
		737D0EE9257D405600D2E8A5 /* EssentialFeedCacheIntegrationTests.swift */ = {isa = PBXFileReference; lastKnownFileType = sourcecode.swift; path = EssentialFeedCacheIntegrationTests.swift; sourceTree = "<group>"; };
		737D0EEB257D405600D2E8A5 /* Info.plist */ = {isa = PBXFileReference; lastKnownFileType = text.plist.xml; path = Info.plist; sourceTree = "<group>"; };
		737F076D2584D45A007A6A2E /* FeedImagePresenter.swift */ = {isa = PBXFileReference; lastKnownFileType = sourcecode.swift; path = FeedImagePresenter.swift; sourceTree = "<group>"; };
		737F07792584D502007A6A2E /* FeedImageViewModel.swift */ = {isa = PBXFileReference; lastKnownFileType = sourcecode.swift; path = FeedImageViewModel.swift; sourceTree = "<group>"; };
		738E61BA25795538004C2A00 /* HTTPClient.swift */ = {isa = PBXFileReference; lastKnownFileType = sourcecode.swift; path = HTTPClient.swift; sourceTree = "<group>"; };
		738E61BE25795593004C2A00 /* FeedItemsMapper.swift */ = {isa = PBXFileReference; lastKnownFileType = sourcecode.swift; path = FeedItemsMapper.swift; sourceTree = "<group>"; };
		738E61C7257967FE004C2A00 /* URLSessionHTTPClientTests.swift */ = {isa = PBXFileReference; lastKnownFileType = sourcecode.swift; path = URLSessionHTTPClientTests.swift; sourceTree = "<group>"; };
		739BD5E5257BBCEB000FCF7C /* LoadFeedFromCacheUseCaseTests.swift */ = {isa = PBXFileReference; lastKnownFileType = sourcecode.swift; path = LoadFeedFromCacheUseCaseTests.swift; sourceTree = "<group>"; };
		739BD5EB257BBF5A000FCF7C /* FeedStoreSpy.swift */ = {isa = PBXFileReference; lastKnownFileType = sourcecode.swift; path = FeedStoreSpy.swift; sourceTree = "<group>"; };
		73A077652583934D00C44865 /* FeedPresenter.swift */ = {isa = PBXFileReference; lastKnownFileType = sourcecode.swift; path = FeedPresenter.swift; sourceTree = "<group>"; };
		73A077832583976E00C44865 /* en */ = {isa = PBXFileReference; lastKnownFileType = text.plist.strings; name = en; path = en.lproj/Feed.strings; sourceTree = "<group>"; };
		73A0778A258397D400C44865 /* ru */ = {isa = PBXFileReference; lastKnownFileType = text.plist.strings; name = ru; path = ru.lproj/Feed.strings; sourceTree = "<group>"; };
		73A0778B258397D500C44865 /* sv */ = {isa = PBXFileReference; lastKnownFileType = text.plist.strings; name = sv; path = sv.lproj/Feed.strings; sourceTree = "<group>"; };
		73A077912583986C00C44865 /* FeedViewModel.swift */ = {isa = PBXFileReference; lastKnownFileType = sourcecode.swift; path = FeedViewModel.swift; sourceTree = "<group>"; };
		73A0779D258398BC00C44865 /* FeedLoadingViewModel.swift */ = {isa = PBXFileReference; lastKnownFileType = sourcecode.swift; path = FeedLoadingViewModel.swift; sourceTree = "<group>"; };
		73A077A5258398FC00C44865 /* FeedErrorViewModel.swift */ = {isa = PBXFileReference; lastKnownFileType = sourcecode.swift; path = FeedErrorViewModel.swift; sourceTree = "<group>"; };
		73A077DC2583B0AF00C44865 /* FeedImagePresenterTests.swift */ = {isa = PBXFileReference; lastKnownFileType = sourcecode.swift; path = FeedImagePresenterTests.swift; sourceTree = "<group>"; };
		73B84523258749FE003D130B /* LoadFeedImageDataFromRemoteUseCaseTests.swift.swift */ = {isa = PBXFileReference; lastKnownFileType = sourcecode.swift; path = LoadFeedImageDataFromRemoteUseCaseTests.swift.swift; sourceTree = "<group>"; };
		73B8453525875CBD003D130B /* HTTPClientSpy.swift */ = {isa = PBXFileReference; lastKnownFileType = sourcecode.swift; path = HTTPClientSpy.swift; sourceTree = "<group>"; };
		73B8454125875D59003D130B /* RemoteFeedImageDataLoader.swift */ = {isa = PBXFileReference; lastKnownFileType = sourcecode.swift; path = RemoteFeedImageDataLoader.swift; sourceTree = "<group>"; };
		73B84549258761F5003D130B /* HTTPURLResponse+StatusCode.swift */ = {isa = PBXFileReference; lastKnownFileType = sourcecode.swift; path = "HTTPURLResponse+StatusCode.swift"; sourceTree = "<group>"; };
		73B8455525876297003D130B /* URLProtocolStub.swift */ = {isa = PBXFileReference; lastKnownFileType = sourcecode.swift; path = URLProtocolStub.swift; sourceTree = "<group>"; };
		73B84561258763A8003D130B /* LoadFeedImageDataFromCacheUseCaseTests.swift */ = {isa = PBXFileReference; lastKnownFileType = sourcecode.swift; path = LoadFeedImageDataFromCacheUseCaseTests.swift; sourceTree = "<group>"; };
		73E67A7B257A463B00130A20 /* XCTestCase+MemoryLeakTracking.swift */ = {isa = PBXFileReference; lastKnownFileType = sourcecode.swift; path = "XCTestCase+MemoryLeakTracking.swift"; sourceTree = "<group>"; };
		73E67A81257A68AA00130A20 /* URLSessionHTTPClient.swift */ = {isa = PBXFileReference; lastKnownFileType = sourcecode.swift; path = URLSessionHTTPClient.swift; sourceTree = "<group>"; };
		73E67A89257A7B3600130A20 /* EssentialFeedAPIEndToEndTests.xctest */ = {isa = PBXFileReference; explicitFileType = wrapper.cfbundle; includeInIndex = 0; path = EssentialFeedAPIEndToEndTests.xctest; sourceTree = BUILT_PRODUCTS_DIR; };
		73E67A8B257A7B3600130A20 /* EssentialFeedAPIEndToEndTests.swift */ = {isa = PBXFileReference; lastKnownFileType = sourcecode.swift; path = EssentialFeedAPIEndToEndTests.swift; sourceTree = "<group>"; };
		73E67A8D257A7B3600130A20 /* Info.plist */ = {isa = PBXFileReference; lastKnownFileType = text.plist.xml; path = Info.plist; sourceTree = "<group>"; };
		73E67AA5257B8EBE00130A20 /* CacheFeedUseCaseTests.swift */ = {isa = PBXFileReference; lastKnownFileType = sourcecode.swift; path = CacheFeedUseCaseTests.swift; sourceTree = "<group>"; };
		73EB339C258C918C001B46A2 /* FeedCache.swift */ = {isa = PBXFileReference; lastKnownFileType = sourcecode.swift; path = FeedCache.swift; sourceTree = "<group>"; };
		73EB33B4258C9690001B46A2 /* FeedImageDataCache.swift */ = {isa = PBXFileReference; lastKnownFileType = sourcecode.swift; path = FeedImageDataCache.swift; sourceTree = "<group>"; };
		73FDA1F5257F88BE006193AD /* UIView+Shimmering.swift */ = {isa = PBXFileReference; lastKnownFileType = sourcecode.swift; path = "UIView+Shimmering.swift"; sourceTree = "<group>"; };
		73FDA1FE257F9C1B006193AD /* UIImage+TestHelpers.swift */ = {isa = PBXFileReference; lastKnownFileType = sourcecode.swift; path = "UIImage+TestHelpers.swift"; sourceTree = "<group>"; };
		73FDA20A257F9C79006193AD /* UIRefreshControl+TestHelpers.swift */ = {isa = PBXFileReference; lastKnownFileType = sourcecode.swift; path = "UIRefreshControl+TestHelpers.swift"; sourceTree = "<group>"; };
		73FDA211257F9CB5006193AD /* UIButton+TestHelpers.swift */ = {isa = PBXFileReference; lastKnownFileType = sourcecode.swift; path = "UIButton+TestHelpers.swift"; sourceTree = "<group>"; };
		73FDA218257F9CFB006193AD /* UIControl+TestHelpers.swift */ = {isa = PBXFileReference; lastKnownFileType = sourcecode.swift; path = "UIControl+TestHelpers.swift"; sourceTree = "<group>"; };
		73FDA223257F9E5C006193AD /* FeedViewController+TestHelpers.swift */ = {isa = PBXFileReference; lastKnownFileType = sourcecode.swift; path = "FeedViewController+TestHelpers.swift"; sourceTree = "<group>"; };
		73FDA22F257F9FCD006193AD /* FeedImageCell+TestHelpers.swift */ = {isa = PBXFileReference; lastKnownFileType = sourcecode.swift; path = "FeedImageCell+TestHelpers.swift"; sourceTree = "<group>"; };
		73FDA236257FA02A006193AD /* FeedUIIntegrationTests+LoaderSpy.swift */ = {isa = PBXFileReference; lastKnownFileType = sourcecode.swift; path = "FeedUIIntegrationTests+LoaderSpy.swift"; sourceTree = "<group>"; };
		73FDA23D257FA090006193AD /* FeedUIIntegrationTests+Assertions.swift */ = {isa = PBXFileReference; lastKnownFileType = sourcecode.swift; path = "FeedUIIntegrationTests+Assertions.swift"; sourceTree = "<group>"; };
		73FDA244257FA13A006193AD /* FeedImageDataLoader.swift */ = {isa = PBXFileReference; lastKnownFileType = sourcecode.swift; path = FeedImageDataLoader.swift; sourceTree = "<group>"; };
/* End PBXFileReference section */

/* Begin PBXFrameworksBuildPhase section */
		73128672257E084600FCEE69 /* Frameworks */ = {
			isa = PBXFrameworksBuildPhase;
			buildActionMask = 2147483647;
			files = (
				731A2DC9257E550F00D5D714 /* EssentialFeed.framework in Frameworks */,
			);
			runOnlyForDeploymentPostprocessing = 0;
		};
		7312867A257E084600FCEE69 /* Frameworks */ = {
			isa = PBXFrameworksBuildPhase;
			buildActionMask = 2147483647;
			files = (
				7312867E257E084600FCEE69 /* EssentialFeediOS.framework in Frameworks */,
			);
			runOnlyForDeploymentPostprocessing = 0;
		};
		73258C7C2578C2310052ACF8 /* Frameworks */ = {
			isa = PBXFrameworksBuildPhase;
			buildActionMask = 2147483647;
			files = (
			);
			runOnlyForDeploymentPostprocessing = 0;
		};
		73258C852578C2310052ACF8 /* Frameworks */ = {
			isa = PBXFrameworksBuildPhase;
			buildActionMask = 2147483647;
			files = (
				73258C892578C2310052ACF8 /* EssentialFeed.framework in Frameworks */,
			);
			runOnlyForDeploymentPostprocessing = 0;
		};
		737D0EE4257D405600D2E8A5 /* Frameworks */ = {
			isa = PBXFrameworksBuildPhase;
			buildActionMask = 2147483647;
			files = (
				737D0EEC257D405600D2E8A5 /* EssentialFeed.framework in Frameworks */,
			);
			runOnlyForDeploymentPostprocessing = 0;
		};
		73E67A86257A7B3600130A20 /* Frameworks */ = {
			isa = PBXFrameworksBuildPhase;
			buildActionMask = 2147483647;
			files = (
				73E67A8E257A7B3600130A20 /* EssentialFeed.framework in Frameworks */,
			);
			runOnlyForDeploymentPostprocessing = 0;
		};
/* End PBXFrameworksBuildPhase section */

/* Begin PBXGroup section */
		73128676257E084600FCEE69 /* EssentialFeediOS */ = {
			isa = PBXGroup;
			children = (
				73128678257E084600FCEE69 /* Info.plist */,
				73FDA221257F9DBA006193AD /* Feed UI */,
			);
			path = EssentialFeediOS;
			sourceTree = "<group>";
		};
		73128681257E084600FCEE69 /* EssentialFeediOSTests */ = {
			isa = PBXGroup;
			children = (
				73128684257E084600FCEE69 /* Info.plist */,
				7347359D258269CE000FA162 /* Feed UI */,
			);
			path = EssentialFeediOSTests;
			sourceTree = "<group>";
		};
		731A2DC8257E550F00D5D714 /* Frameworks */ = {
			isa = PBXGroup;
			children = (
			);
			name = Frameworks;
			sourceTree = "<group>";
		};
		73258C752578C2310052ACF8 = {
			isa = PBXGroup;
			children = (
				73258C812578C2310052ACF8 /* EssentialFeed */,
				73258C8C2578C2310052ACF8 /* EssentialFeedTests */,
				73E67A8A257A7B3600130A20 /* EssentialFeedAPIEndToEndTests */,
				737D0EE8257D405600D2E8A5 /* EssentialFeedCacheIntegrationTests */,
				73128676257E084600FCEE69 /* EssentialFeediOS */,
				73128681257E084600FCEE69 /* EssentialFeediOSTests */,
				73258C802578C2310052ACF8 /* Products */,
				731A2DC8257E550F00D5D714 /* Frameworks */,
			);
			sourceTree = "<group>";
		};
		73258C802578C2310052ACF8 /* Products */ = {
			isa = PBXGroup;
			children = (
				73258C7F2578C2310052ACF8 /* EssentialFeed.framework */,
				73258C882578C2310052ACF8 /* EssentialFeedTests.xctest */,
				73E67A89257A7B3600130A20 /* EssentialFeedAPIEndToEndTests.xctest */,
				737D0EE7257D405600D2E8A5 /* EssentialFeedCacheIntegrationTests.xctest */,
				73128675257E084600FCEE69 /* EssentialFeediOS.framework */,
				7312867D257E084600FCEE69 /* EssentialFeediOSTests.xctest */,
			);
			name = Products;
			sourceTree = "<group>";
		};
		73258C812578C2310052ACF8 /* EssentialFeed */ = {
			isa = PBXGroup;
			children = (
				73258C832578C2310052ACF8 /* Info.plist */,
				73A077642583932700C44865 /* Feed Presentation */,
				73258C9D2578C2CB0052ACF8 /* Feed Feature */,
				734066B6257BAD2A00D12013 /* Feed Cache */,
				73258CAE2578D4190052ACF8 /* Feed API */,
			);
			path = EssentialFeed;
			sourceTree = "<group>";
		};
		73258C8C2578C2310052ACF8 /* EssentialFeedTests */ = {
			isa = PBXGroup;
			children = (
				73258C8F2578C2310052ACF8 /* Info.plist */,
				73E67A7A257A460A00130A20 /* Helpers */,
				73E67AA4257B8E9400130A20 /* Feed Cache */,
				738E61C225795E3D004C2A00 /* Feed API */,
				7371E927258374D6000CC0CF /* Feed Presentation */,
			);
			path = EssentialFeedTests;
			sourceTree = "<group>";
		};
		73258C9D2578C2CB0052ACF8 /* Feed Feature */ = {
			isa = PBXGroup;
			children = (
				73258CA22578C3780052ACF8 /* FeedImage.swift */,
				73258C9E2578C2F00052ACF8 /* FeedLoader.swift */,
				73FDA244257FA13A006193AD /* FeedImageDataLoader.swift */,
				73EB339C258C918C001B46A2 /* FeedCache.swift */,
				73EB33B4258C9690001B46A2 /* FeedImageDataCache.swift */,
			);
			path = "Feed Feature";
			sourceTree = "<group>";
		};
		73258CAE2578D4190052ACF8 /* Feed API */ = {
			isa = PBXGroup;
			children = (
				73B84548258761DF003D130B /* Helpers */,
				73258CAF2578D4360052ACF8 /* RemoteFeedLoader.swift */,
				738E61BA25795538004C2A00 /* HTTPClient.swift */,
				738E61BE25795593004C2A00 /* FeedItemsMapper.swift */,
				73E67A81257A68AA00130A20 /* URLSessionHTTPClient.swift */,
				734066C1257BB6F700D12013 /* RemoteFeedItem.swift */,
				73B8454125875D59003D130B /* RemoteFeedImageDataLoader.swift */,
			);
			path = "Feed API";
			sourceTree = "<group>";
		};
		734066B6257BAD2A00D12013 /* Feed Cache */ = {
			isa = PBXGroup;
			children = (
				737D0EC8257D3CB900D2E8A5 /* Infrastructure */,
				734066B7257BAD4700D12013 /* LocalFeedLoader.swift */,
				734066BC257BADF400D12013 /* FeedStore.swift */,
				734066C6257BB75900D12013 /* LocalFeedImage.swift */,
				735E2D87257BEF78005DD231 /* FeedCachePolicy.swift */,
				733BCBAA2589103800114C88 /* FeedImageDataStore.swift */,
				733BCBB12589108800114C88 /* LocalFeedImageDataLoader.swift */,
			);
			path = "Feed Cache";
			sourceTree = "<group>";
		};
		7347359D258269CE000FA162 /* Feed UI */ = {
			isa = PBXGroup;
			children = (
				73FDA1FD257F9BFE006193AD /* Helpers */,
				731A2DC0257E519900D5D714 /* FeedUIIntegrationTests.swift */,
			);
			path = "Feed UI";
			sourceTree = "<group>";
		};
		7347B3DC257FAE1500E22E64 /* Composers */ = {
			isa = PBXGroup;
			children = (
				7347B3DD257FAE3800E22E64 /* FeedUIComposer.swift */,
				734735B52582712B000FA162 /* MainQueueDispatchDecorator.swift */,
				734735BC258271AD000FA162 /* WeakRefVirtualProxy.swift */,
				734735C325827210000FA162 /* FeedImageDataLoaderPresentationAdapter.swift */,
				734735CA2582724F000FA162 /* FeedLoaderPresentationAdapter.swift */,
				734735D1258272DF000FA162 /* FeedViewAdapter.swift */,
			);
			path = Composers;
			sourceTree = "<group>";
		};
		7371E927258374D6000CC0CF /* Feed Presentation */ = {
			isa = PBXGroup;
			children = (
				734735A925826A10000FA162 /* FeedLocalizationTests.swift */,
				7371E9282583751A000CC0CF /* FeedPresenterTests.swift */,
				73A077DC2583B0AF00C44865 /* FeedImagePresenterTests.swift */,
			);
			path = "Feed Presentation";
			sourceTree = "<group>";
		};
		7371E94B258381CC000CC0CF /* Helpers */ = {
			isa = PBXGroup;
			children = (
				7347355125825A0A000FA162 /* UIImageView+Animations.swift */,
				734735452582590E000FA162 /* UITableView+Dequeueing.swift */,
				73FDA1F5257F88BE006193AD /* UIView+Shimmering.swift */,
				7371E95325838287000CC0CF /* UIRefreshControl+Helpers.swift */,
			);
			path = Helpers;
			sourceTree = "<group>";
		};
		737D0EA3257D222200D2E8A5 /* FeedStoreSpecs */ = {
			isa = PBXGroup;
			children = (
				7320024A257D1B18002B9594 /* FeedStoreSpecs.swift */,
				7320024F257D1BA0002B9594 /* XCTestCase+FeedStoreSpecs.swift */,
				737D0E94257D20AC00D2E8A5 /* XCTestCase+FailableRetrieveFeedStoreSpecs.swift */,
				737D0E99257D212800D2E8A5 /* XCTestCase+FailableInsertFeedStoreSpecs.swift */,
				737D0E9E257D21AC00D2E8A5 /* XCTestCase+FailableDeleteFeedStoreSpecs.swift */,
			);
			path = FeedStoreSpecs;
			sourceTree = "<group>";
		};
		737D0EC8257D3CB900D2E8A5 /* Infrastructure */ = {
			isa = PBXGroup;
			children = (
				737D0EC9257D3CC700D2E8A5 /* CoreData */,
			);
			path = Infrastructure;
			sourceTree = "<group>";
		};
		737D0EC9257D3CC700D2E8A5 /* CoreData */ = {
			isa = PBXGroup;
			children = (
				737D0EB4257D2C6600D2E8A5 /* FeedStore.xcdatamodeld */,
				737D0EAF257D2A4400D2E8A5 /* CoreDataFeedStore.swift */,
				737D0ED4257D3DAE00D2E8A5 /* CoreDataHelpers.swift */,
				737D0ED9257D3E1E00D2E8A5 /* ManagedCache.swift */,
				737D0EDE257D3E5A00D2E8A5 /* ManagedFeedImage.swift */,
				733BCBE225891F9A00114C88 /* CoreDataFeedStore+FeedImageDataLoader.swift */,
				733BCBE9258922B800114C88 /* CoreDataFeedStore+FeedStore.swift */,
			);
			path = CoreData;
			sourceTree = "<group>";
		};
		737D0EE8257D405600D2E8A5 /* EssentialFeedCacheIntegrationTests */ = {
			isa = PBXGroup;
			children = (
				737D0EEB257D405600D2E8A5 /* Info.plist */,
				737D0EE9257D405600D2E8A5 /* EssentialFeedCacheIntegrationTests.swift */,
			);
			path = EssentialFeedCacheIntegrationTests;
			sourceTree = "<group>";
		};
		738E61C225795E3D004C2A00 /* Feed API */ = {
			isa = PBXGroup;
			children = (
				73B8453425875CA6003D130B /* Helpers */,
				73258CAA2578C47D0052ACF8 /* LoadFeedFromRemoteUseCaseTests.swift */,
				738E61C7257967FE004C2A00 /* URLSessionHTTPClientTests.swift */,
				73B84523258749FE003D130B /* LoadFeedImageDataFromRemoteUseCaseTests.swift.swift */,
			);
			path = "Feed API";
			sourceTree = "<group>";
		};
		739BD5EA257BBF3F000FCF7C /* Helpers */ = {
			isa = PBXGroup;
			children = (
				739BD5EB257BBF5A000FCF7C /* FeedStoreSpy.swift */,
				735E2D7D257BE426005DD231 /* FeedCacheTestHelpers.swift */,
				733BCBBD2589159300114C88 /* FeedImageDataStoreSpy.swift */,
			);
			path = Helpers;
			sourceTree = "<group>";
		};
		73A077642583932700C44865 /* Feed Presentation */ = {
			isa = PBXGroup;
			children = (
				73A077A4258398ED00C44865 /* Models */,
				73A077652583934D00C44865 /* FeedPresenter.swift */,
				737F076D2584D45A007A6A2E /* FeedImagePresenter.swift */,
				73A077842583976E00C44865 /* Feed.strings */,
			);
			path = "Feed Presentation";
			sourceTree = "<group>";
		};
		73A077A4258398ED00C44865 /* Models */ = {
			isa = PBXGroup;
			children = (
				73A077912583986C00C44865 /* FeedViewModel.swift */,
				73A0779D258398BC00C44865 /* FeedLoadingViewModel.swift */,
				73A077A5258398FC00C44865 /* FeedErrorViewModel.swift */,
				737F07792584D502007A6A2E /* FeedImageViewModel.swift */,
			);
			path = Models;
			sourceTree = "<group>";
		};
		73B8453425875CA6003D130B /* Helpers */ = {
			isa = PBXGroup;
			children = (
				73B8453525875CBD003D130B /* HTTPClientSpy.swift */,
				73B8455525876297003D130B /* URLProtocolStub.swift */,
			);
			path = Helpers;
			sourceTree = "<group>";
		};
		73B84548258761DF003D130B /* Helpers */ = {
			isa = PBXGroup;
			children = (
				73B84549258761F5003D130B /* HTTPURLResponse+StatusCode.swift */,
			);
			path = Helpers;
			sourceTree = "<group>";
		};
		73E67A7A257A460A00130A20 /* Helpers */ = {
			isa = PBXGroup;
			children = (
				73E67A7B257A463B00130A20 /* XCTestCase+MemoryLeakTracking.swift */,
				735E2D82257BE503005DD231 /* SharedTestHelpers.swift */,
			);
			path = Helpers;
			sourceTree = "<group>";
		};
		73E67A8A257A7B3600130A20 /* EssentialFeedAPIEndToEndTests */ = {
			isa = PBXGroup;
			children = (
				73E67A8D257A7B3600130A20 /* Info.plist */,
				73E67A8B257A7B3600130A20 /* EssentialFeedAPIEndToEndTests.swift */,
			);
			path = EssentialFeedAPIEndToEndTests;
			sourceTree = "<group>";
		};
		73E67AA4257B8E9400130A20 /* Feed Cache */ = {
			isa = PBXGroup;
			children = (
				739BD5EA257BBF3F000FCF7C /* Helpers */,
				737D0EA3257D222200D2E8A5 /* FeedStoreSpecs */,
				73E67AA5257B8EBE00130A20 /* CacheFeedUseCaseTests.swift */,
				737D0EA7257D29AE00D2E8A5 /* CoreDataFeedStoreTests.swift */,
				739BD5E5257BBCEB000FCF7C /* LoadFeedFromCacheUseCaseTests.swift */,
				735E2D78257BDF93005DD231 /* ValidateFeedCacheUseCaseTests.swift */,
				73B84561258763A8003D130B /* LoadFeedImageDataFromCacheUseCaseTests.swift */,
				733BCBC42589163100114C88 /* CacheFeedImageDataUseCaseTests.swift */,
				733BCBCB258918EC00114C88 /* CoreDataFeedImageDataStoreTests.swift */,
			);
			path = "Feed Cache";
			sourceTree = "<group>";
		};
		73FDA1FD257F9BFE006193AD /* Helpers */ = {
			isa = PBXGroup;
			children = (
				73FDA1FE257F9C1B006193AD /* UIImage+TestHelpers.swift */,
				73FDA20A257F9C79006193AD /* UIRefreshControl+TestHelpers.swift */,
				73FDA211257F9CB5006193AD /* UIButton+TestHelpers.swift */,
				73FDA218257F9CFB006193AD /* UIControl+TestHelpers.swift */,
				73FDA223257F9E5C006193AD /* FeedViewController+TestHelpers.swift */,
				73FDA236257FA02A006193AD /* FeedUIIntegrationTests+LoaderSpy.swift */,
				73FDA23D257FA090006193AD /* FeedUIIntegrationTests+Assertions.swift */,
				73473564258265B5000FA162 /* FeedUIIntegrationTests+Localization.swift */,
				73FDA22F257F9FCD006193AD /* FeedImageCell+TestHelpers.swift */,
			);
			path = Helpers;
			sourceTree = "<group>";
		};
		73FDA21F257F9D79006193AD /* Controllers */ = {
			isa = PBXGroup;
			children = (
				731A2DD9257E643600D5D714 /* FeedViewController.swift */,
				7347B3D5257FAA3E00E22E64 /* FeedImageCellController.swift */,
			);
			path = Controllers;
			sourceTree = "<group>";
		};
		73FDA220257F9DA0006193AD /* Views */ = {
			isa = PBXGroup;
			children = (
				7371E94B258381CC000CC0CF /* Helpers */,
				7371E93F25837D96000CC0CF /* ErrorView.swift */,
				731A2DE0257E7F8000D5D714 /* FeedImageCell.swift */,
				73473531258244E6000FA162 /* Feed.storyboard */,
				734735392582459C000FA162 /* Feed.xcassets */,
			);
			path = Views;
			sourceTree = "<group>";
		};
		73FDA221257F9DBA006193AD /* Feed UI */ = {
			isa = PBXGroup;
			children = (
				7347B3DC257FAE1500E22E64 /* Composers */,
				73FDA21F257F9D79006193AD /* Controllers */,
				73FDA220257F9DA0006193AD /* Views */,
			);
			path = "Feed UI";
			sourceTree = "<group>";
		};
/* End PBXGroup section */

/* Begin PBXHeadersBuildPhase section */
		73128670257E084600FCEE69 /* Headers */ = {
			isa = PBXHeadersBuildPhase;
			buildActionMask = 2147483647;
			files = (
			);
			runOnlyForDeploymentPostprocessing = 0;
		};
		73258C7A2578C2310052ACF8 /* Headers */ = {
			isa = PBXHeadersBuildPhase;
			buildActionMask = 2147483647;
			files = (
			);
			runOnlyForDeploymentPostprocessing = 0;
		};
/* End PBXHeadersBuildPhase section */

/* Begin PBXNativeTarget section */
		73128674257E084600FCEE69 /* EssentialFeediOS */ = {
			isa = PBXNativeTarget;
			buildConfigurationList = 73128686257E084600FCEE69 /* Build configuration list for PBXNativeTarget "EssentialFeediOS" */;
			buildPhases = (
				73128670257E084600FCEE69 /* Headers */,
				73128671257E084600FCEE69 /* Sources */,
				73128672257E084600FCEE69 /* Frameworks */,
				73128673257E084600FCEE69 /* Resources */,
				731A2DCD257E550F00D5D714 /* Embed Frameworks */,
			);
			buildRules = (
			);
			dependencies = (
				731A2DCC257E550F00D5D714 /* PBXTargetDependency */,
			);
			name = EssentialFeediOS;
			productName = EssentialFeediOS;
			productReference = 73128675257E084600FCEE69 /* EssentialFeediOS.framework */;
			productType = "com.apple.product-type.framework";
		};
		7312867C257E084600FCEE69 /* EssentialFeediOSTests */ = {
			isa = PBXNativeTarget;
			buildConfigurationList = 73128689257E084600FCEE69 /* Build configuration list for PBXNativeTarget "EssentialFeediOSTests" */;
			buildPhases = (
				73128679257E084600FCEE69 /* Sources */,
				7312867A257E084600FCEE69 /* Frameworks */,
				7312867B257E084600FCEE69 /* Resources */,
			);
			buildRules = (
			);
			dependencies = (
				73128680257E084600FCEE69 /* PBXTargetDependency */,
			);
			name = EssentialFeediOSTests;
			productName = EssentialFeediOSTests;
			productReference = 7312867D257E084600FCEE69 /* EssentialFeediOSTests.xctest */;
			productType = "com.apple.product-type.bundle.unit-test";
		};
		73258C7E2578C2310052ACF8 /* EssentialFeed */ = {
			isa = PBXNativeTarget;
			buildConfigurationList = 73258C932578C2310052ACF8 /* Build configuration list for PBXNativeTarget "EssentialFeed" */;
			buildPhases = (
				73258C7A2578C2310052ACF8 /* Headers */,
				73258C7B2578C2310052ACF8 /* Sources */,
				73258C7C2578C2310052ACF8 /* Frameworks */,
				73258C7D2578C2310052ACF8 /* Resources */,
			);
			buildRules = (
			);
			dependencies = (
			);
			name = EssentialFeed;
			productName = EssentialFeed;
			productReference = 73258C7F2578C2310052ACF8 /* EssentialFeed.framework */;
			productType = "com.apple.product-type.framework";
		};
		73258C872578C2310052ACF8 /* EssentialFeedTests */ = {
			isa = PBXNativeTarget;
			buildConfigurationList = 73258C962578C2310052ACF8 /* Build configuration list for PBXNativeTarget "EssentialFeedTests" */;
			buildPhases = (
				73258C842578C2310052ACF8 /* Sources */,
				73258C852578C2310052ACF8 /* Frameworks */,
				73258C862578C2310052ACF8 /* Resources */,
			);
			buildRules = (
			);
			dependencies = (
				73258C8B2578C2310052ACF8 /* PBXTargetDependency */,
			);
			name = EssentialFeedTests;
			productName = EssentialFeedTests;
			productReference = 73258C882578C2310052ACF8 /* EssentialFeedTests.xctest */;
			productType = "com.apple.product-type.bundle.unit-test";
		};
		737D0EE6257D405600D2E8A5 /* EssentialFeedCacheIntegrationTests */ = {
			isa = PBXNativeTarget;
			buildConfigurationList = 737D0EEF257D405600D2E8A5 /* Build configuration list for PBXNativeTarget "EssentialFeedCacheIntegrationTests" */;
			buildPhases = (
				737D0EE3257D405600D2E8A5 /* Sources */,
				737D0EE4257D405600D2E8A5 /* Frameworks */,
				737D0EE5257D405600D2E8A5 /* Resources */,
			);
			buildRules = (
			);
			dependencies = (
				737D0EEE257D405600D2E8A5 /* PBXTargetDependency */,
			);
			name = EssentialFeedCacheIntegrationTests;
			productName = EssentialFeedCacheIntegrationTests;
			productReference = 737D0EE7257D405600D2E8A5 /* EssentialFeedCacheIntegrationTests.xctest */;
			productType = "com.apple.product-type.bundle.unit-test";
		};
		73E67A88257A7B3600130A20 /* EssentialFeedAPIEndToEndTests */ = {
			isa = PBXNativeTarget;
			buildConfigurationList = 73E67A91257A7B3600130A20 /* Build configuration list for PBXNativeTarget "EssentialFeedAPIEndToEndTests" */;
			buildPhases = (
				73E67A85257A7B3600130A20 /* Sources */,
				73E67A86257A7B3600130A20 /* Frameworks */,
				73E67A87257A7B3600130A20 /* Resources */,
			);
			buildRules = (
			);
			dependencies = (
				73E67A90257A7B3600130A20 /* PBXTargetDependency */,
			);
			name = EssentialFeedAPIEndToEndTests;
			productName = EssentialFeedAPIEndToEndTests;
			productReference = 73E67A89257A7B3600130A20 /* EssentialFeedAPIEndToEndTests.xctest */;
			productType = "com.apple.product-type.bundle.unit-test";
		};
/* End PBXNativeTarget section */

/* Begin PBXProject section */
		73258C762578C2310052ACF8 /* Project object */ = {
			isa = PBXProject;
			attributes = {
				LastSwiftUpdateCheck = 1220;
				LastUpgradeCheck = 1220;
				TargetAttributes = {
					73128674257E084600FCEE69 = {
						CreatedOnToolsVersion = 12.2;
						LastSwiftMigration = 1220;
					};
					7312867C257E084600FCEE69 = {
						CreatedOnToolsVersion = 12.2;
						LastSwiftMigration = 1220;
					};
					73258C7E2578C2310052ACF8 = {
						CreatedOnToolsVersion = 12.2;
						LastSwiftMigration = 1220;
					};
					73258C872578C2310052ACF8 = {
						CreatedOnToolsVersion = 12.2;
						LastSwiftMigration = 1220;
					};
					737D0EE6257D405600D2E8A5 = {
						CreatedOnToolsVersion = 12.2;
					};
					73E67A88257A7B3600130A20 = {
						CreatedOnToolsVersion = 12.2;
					};
				};
			};
			buildConfigurationList = 73258C792578C2310052ACF8 /* Build configuration list for PBXProject "EssentialFeed" */;
			compatibilityVersion = "Xcode 9.3";
			developmentRegion = en;
			hasScannedForEncodings = 0;
			knownRegions = (
				en,
				Base,
				ru,
				sv,
			);
			mainGroup = 73258C752578C2310052ACF8;
			productRefGroup = 73258C802578C2310052ACF8 /* Products */;
			projectDirPath = "";
			projectRoot = "";
			targets = (
				73258C7E2578C2310052ACF8 /* EssentialFeed */,
				73258C872578C2310052ACF8 /* EssentialFeedTests */,
				73E67A88257A7B3600130A20 /* EssentialFeedAPIEndToEndTests */,
				737D0EE6257D405600D2E8A5 /* EssentialFeedCacheIntegrationTests */,
				73128674257E084600FCEE69 /* EssentialFeediOS */,
				7312867C257E084600FCEE69 /* EssentialFeediOSTests */,
			);
		};
/* End PBXProject section */

/* Begin PBXResourcesBuildPhase section */
		73128673257E084600FCEE69 /* Resources */ = {
			isa = PBXResourcesBuildPhase;
			buildActionMask = 2147483647;
			files = (
				73473532258244E6000FA162 /* Feed.storyboard in Resources */,
				7347353A2582459C000FA162 /* Feed.xcassets in Resources */,
			);
			runOnlyForDeploymentPostprocessing = 0;
		};
		7312867B257E084600FCEE69 /* Resources */ = {
			isa = PBXResourcesBuildPhase;
			buildActionMask = 2147483647;
			files = (
			);
			runOnlyForDeploymentPostprocessing = 0;
		};
		73258C7D2578C2310052ACF8 /* Resources */ = {
			isa = PBXResourcesBuildPhase;
			buildActionMask = 2147483647;
			files = (
				73A077BC25839D9900C44865 /* Feed.strings in Resources */,
			);
			runOnlyForDeploymentPostprocessing = 0;
		};
		73258C862578C2310052ACF8 /* Resources */ = {
			isa = PBXResourcesBuildPhase;
			buildActionMask = 2147483647;
			files = (
			);
			runOnlyForDeploymentPostprocessing = 0;
		};
		737D0EE5257D405600D2E8A5 /* Resources */ = {
			isa = PBXResourcesBuildPhase;
			buildActionMask = 2147483647;
			files = (
			);
			runOnlyForDeploymentPostprocessing = 0;
		};
		73E67A87257A7B3600130A20 /* Resources */ = {
			isa = PBXResourcesBuildPhase;
			buildActionMask = 2147483647;
			files = (
			);
			runOnlyForDeploymentPostprocessing = 0;
		};
/* End PBXResourcesBuildPhase section */

/* Begin PBXSourcesBuildPhase section */
		73128671257E084600FCEE69 /* Sources */ = {
			isa = PBXSourcesBuildPhase;
			buildActionMask = 2147483647;
			files = (
				7371E94025837D96000CC0CF /* ErrorView.swift in Sources */,
				7371E95425838287000CC0CF /* UIRefreshControl+Helpers.swift in Sources */,
				734735462582590E000FA162 /* UITableView+Dequeueing.swift in Sources */,
				73FDA1F6257F88BE006193AD /* UIView+Shimmering.swift in Sources */,
				734735CB2582724F000FA162 /* FeedLoaderPresentationAdapter.swift in Sources */,
				731A2DDA257E643600D5D714 /* FeedViewController.swift in Sources */,
				734735BD258271AD000FA162 /* WeakRefVirtualProxy.swift in Sources */,
				7347355225825A0A000FA162 /* UIImageView+Animations.swift in Sources */,
				734735B62582712B000FA162 /* MainQueueDispatchDecorator.swift in Sources */,
				731A2DE1257E7F8000D5D714 /* FeedImageCell.swift in Sources */,
				734735C425827210000FA162 /* FeedImageDataLoaderPresentationAdapter.swift in Sources */,
				7347B3D6257FAA3E00E22E64 /* FeedImageCellController.swift in Sources */,
				734735D2258272DF000FA162 /* FeedViewAdapter.swift in Sources */,
				7347B3DE257FAE3800E22E64 /* FeedUIComposer.swift in Sources */,
			);
			runOnlyForDeploymentPostprocessing = 0;
		};
		73128679257E084600FCEE69 /* Sources */ = {
			isa = PBXSourcesBuildPhase;
			buildActionMask = 2147483647;
			files = (
				731A2DC1257E519900D5D714 /* FeedUIIntegrationTests.swift in Sources */,
				73FDA23E257FA090006193AD /* FeedUIIntegrationTests+Assertions.swift in Sources */,
				73FDA212257F9CB5006193AD /* UIButton+TestHelpers.swift in Sources */,
				73FDA20B257F9C79006193AD /* UIRefreshControl+TestHelpers.swift in Sources */,
				73FDA219257F9CFB006193AD /* UIControl+TestHelpers.swift in Sources */,
				73FDA237257FA02A006193AD /* FeedUIIntegrationTests+LoaderSpy.swift in Sources */,
				73FDA224257F9E5C006193AD /* FeedViewController+TestHelpers.swift in Sources */,
				731A2DD3257E55DF00D5D714 /* XCTestCase+MemoryLeakTracking.swift in Sources */,
				73FDA1FF257F9C1B006193AD /* UIImage+TestHelpers.swift in Sources */,
				73FDA230257F9FCD006193AD /* FeedImageCell+TestHelpers.swift in Sources */,
				73473565258265B5000FA162 /* FeedUIIntegrationTests+Localization.swift in Sources */,
			);
			runOnlyForDeploymentPostprocessing = 0;
		};
		73258C7B2578C2310052ACF8 /* Sources */ = {
			isa = PBXSourcesBuildPhase;
			buildActionMask = 2147483647;
			files = (
				737D0ED5257D3DAE00D2E8A5 /* CoreDataHelpers.swift in Sources */,
				738E61BF25795593004C2A00 /* FeedItemsMapper.swift in Sources */,
				73258CA32578C3780052ACF8 /* FeedImage.swift in Sources */,
				734066C2257BB6F700D12013 /* RemoteFeedItem.swift in Sources */,
				737F077A2584D502007A6A2E /* FeedImageViewModel.swift in Sources */,
				735E2D88257BEF78005DD231 /* FeedCachePolicy.swift in Sources */,
				73B8454225875D59003D130B /* RemoteFeedImageDataLoader.swift in Sources */,
				73258CB02578D4360052ACF8 /* RemoteFeedLoader.swift in Sources */,
				737D0EB6257D2C6600D2E8A5 /* FeedStore.xcdatamodeld in Sources */,
				734066C7257BB75900D12013 /* LocalFeedImage.swift in Sources */,
				733BCBEA258922B800114C88 /* CoreDataFeedStore+FeedStore.swift in Sources */,
				73A077922583986C00C44865 /* FeedViewModel.swift in Sources */,
				734066BD257BADF400D12013 /* FeedStore.swift in Sources */,
				734066B8257BAD4700D12013 /* LocalFeedLoader.swift in Sources */,
				738E61BB25795538004C2A00 /* HTTPClient.swift in Sources */,
				73258C9F2578C2F00052ACF8 /* FeedLoader.swift in Sources */,
				733BCBAB2589103800114C88 /* FeedImageDataStore.swift in Sources */,
				73EB33B5258C9690001B46A2 /* FeedImageDataCache.swift in Sources */,
				73A077662583934D00C44865 /* FeedPresenter.swift in Sources */,
				73E67A82257A68AA00130A20 /* URLSessionHTTPClient.swift in Sources */,
				73B8454A258761F5003D130B /* HTTPURLResponse+StatusCode.swift in Sources */,
				737D0EDA257D3E1E00D2E8A5 /* ManagedCache.swift in Sources */,
				737D0EB0257D2A4400D2E8A5 /* CoreDataFeedStore.swift in Sources */,
				73A077A6258398FC00C44865 /* FeedErrorViewModel.swift in Sources */,
				73B8451825862F38003D130B /* FeedImageDataLoader.swift in Sources */,
				73A0779E258398BC00C44865 /* FeedLoadingViewModel.swift in Sources */,
				733BCBB22589108800114C88 /* LocalFeedImageDataLoader.swift in Sources */,
				733BCBE325891F9A00114C88 /* CoreDataFeedStore+FeedImageDataLoader.swift in Sources */,
				737F076E2584D45A007A6A2E /* FeedImagePresenter.swift in Sources */,
				73EB339D258C918C001B46A2 /* FeedCache.swift in Sources */,
				737D0EDF257D3E5A00D2E8A5 /* ManagedFeedImage.swift in Sources */,
			);
			runOnlyForDeploymentPostprocessing = 0;
		};
		73258C842578C2310052ACF8 /* Sources */ = {
			isa = PBXSourcesBuildPhase;
			buildActionMask = 2147483647;
			files = (
				733BCBCC258918EC00114C88 /* CoreDataFeedImageDataStoreTests.swift in Sources */,
				735E2D7E257BE426005DD231 /* FeedCacheTestHelpers.swift in Sources */,
				73B8455625876297003D130B /* URLProtocolStub.swift in Sources */,
				73A077DD2583B0AF00C44865 /* FeedImagePresenterTests.swift in Sources */,
				735E2D79257BDF93005DD231 /* ValidateFeedCacheUseCaseTests.swift in Sources */,
				73B84524258749FE003D130B /* LoadFeedImageDataFromRemoteUseCaseTests.swift.swift in Sources */,
				7371E9292583751A000CC0CF /* FeedPresenterTests.swift in Sources */,
				73258CAB2578C47D0052ACF8 /* LoadFeedFromRemoteUseCaseTests.swift in Sources */,
				737D0E9A257D212800D2E8A5 /* XCTestCase+FailableInsertFeedStoreSpecs.swift in Sources */,
				733BCBC52589163100114C88 /* CacheFeedImageDataUseCaseTests.swift in Sources */,
				73A077CC2583A13000C44865 /* FeedLocalizationTests.swift in Sources */,
				738E61C8257967FE004C2A00 /* URLSessionHTTPClientTests.swift in Sources */,
				73B84562258763A8003D130B /* LoadFeedImageDataFromCacheUseCaseTests.swift in Sources */,
				73B8453625875CBD003D130B /* HTTPClientSpy.swift in Sources */,
				739BD5EC257BBF5A000FCF7C /* FeedStoreSpy.swift in Sources */,
				735E2D83257BE503005DD231 /* SharedTestHelpers.swift in Sources */,
				73E67AA6257B8EBE00130A20 /* CacheFeedUseCaseTests.swift in Sources */,
				733BCBBE2589159300114C88 /* FeedImageDataStoreSpy.swift in Sources */,
				737D0E9F257D21AC00D2E8A5 /* XCTestCase+FailableDeleteFeedStoreSpecs.swift in Sources */,
				737D0E95257D20AC00D2E8A5 /* XCTestCase+FailableRetrieveFeedStoreSpecs.swift in Sources */,
				739BD5E6257BBCEB000FCF7C /* LoadFeedFromCacheUseCaseTests.swift in Sources */,
				7320024B257D1B18002B9594 /* FeedStoreSpecs.swift in Sources */,
				73E67A7C257A463B00130A20 /* XCTestCase+MemoryLeakTracking.swift in Sources */,
				737D0EA8257D29AE00D2E8A5 /* CoreDataFeedStoreTests.swift in Sources */,
				73200250257D1BA0002B9594 /* XCTestCase+FeedStoreSpecs.swift in Sources */,
			);
			runOnlyForDeploymentPostprocessing = 0;
		};
		737D0EE3257D405600D2E8A5 /* Sources */ = {
			isa = PBXSourcesBuildPhase;
			buildActionMask = 2147483647;
			files = (
				737D0F00257D435200D2E8A5 /* FeedCacheTestHelpers.swift in Sources */,
				737D0EEA257D405600D2E8A5 /* EssentialFeedCacheIntegrationTests.swift in Sources */,
				737D0EF6257D41CD00D2E8A5 /* XCTestCase+MemoryLeakTracking.swift in Sources */,
				737D0EFB257D434200D2E8A5 /* SharedTestHelpers.swift in Sources */,
			);
			runOnlyForDeploymentPostprocessing = 0;
		};
		73E67A85257A7B3600130A20 /* Sources */ = {
			isa = PBXSourcesBuildPhase;
			buildActionMask = 2147483647;
			files = (
				73E67A8C257A7B3600130A20 /* EssentialFeedAPIEndToEndTests.swift in Sources */,
				73E67A9A257A82EE00130A20 /* XCTestCase+MemoryLeakTracking.swift in Sources */,
			);
			runOnlyForDeploymentPostprocessing = 0;
		};
/* End PBXSourcesBuildPhase section */

/* Begin PBXTargetDependency section */
		73128680257E084600FCEE69 /* PBXTargetDependency */ = {
			isa = PBXTargetDependency;
			target = 73128674257E084600FCEE69 /* EssentialFeediOS */;
			targetProxy = 7312867F257E084600FCEE69 /* PBXContainerItemProxy */;
		};
		731A2DCC257E550F00D5D714 /* PBXTargetDependency */ = {
			isa = PBXTargetDependency;
			platformFilter = ios;
			target = 73258C7E2578C2310052ACF8 /* EssentialFeed */;
			targetProxy = 731A2DCB257E550F00D5D714 /* PBXContainerItemProxy */;
		};
		73258C8B2578C2310052ACF8 /* PBXTargetDependency */ = {
			isa = PBXTargetDependency;
			target = 73258C7E2578C2310052ACF8 /* EssentialFeed */;
			targetProxy = 73258C8A2578C2310052ACF8 /* PBXContainerItemProxy */;
		};
		737D0EEE257D405600D2E8A5 /* PBXTargetDependency */ = {
			isa = PBXTargetDependency;
			target = 73258C7E2578C2310052ACF8 /* EssentialFeed */;
			targetProxy = 737D0EED257D405600D2E8A5 /* PBXContainerItemProxy */;
		};
		73E67A90257A7B3600130A20 /* PBXTargetDependency */ = {
			isa = PBXTargetDependency;
			target = 73258C7E2578C2310052ACF8 /* EssentialFeed */;
			targetProxy = 73E67A8F257A7B3600130A20 /* PBXContainerItemProxy */;
		};
/* End PBXTargetDependency section */

/* Begin PBXVariantGroup section */
		73A077842583976E00C44865 /* Feed.strings */ = {
			isa = PBXVariantGroup;
			children = (
				73A077832583976E00C44865 /* en */,
				73A0778A258397D400C44865 /* ru */,
				73A0778B258397D500C44865 /* sv */,
			);
			name = Feed.strings;
			sourceTree = "<group>";
		};
/* End PBXVariantGroup section */

/* Begin XCBuildConfiguration section */
		73128687257E084600FCEE69 /* Debug */ = {
			isa = XCBuildConfiguration;
			buildSettings = {
				CLANG_ENABLE_MODULES = YES;
				CODE_SIGN_STYLE = Automatic;
				DEFINES_MODULE = YES;
				DEVELOPMENT_TEAM = CF3B3QT65H;
				DYLIB_COMPATIBILITY_VERSION = 1;
				DYLIB_CURRENT_VERSION = 1;
				DYLIB_INSTALL_NAME_BASE = "@rpath";
				INFOPLIST_FILE = EssentialFeediOS/Info.plist;
				INSTALL_PATH = "$(LOCAL_LIBRARY_DIR)/Frameworks";
				IPHONEOS_DEPLOYMENT_TARGET = 12.0;
				LD_RUNPATH_SEARCH_PATHS = (
					"$(inherited)",
					"@executable_path/Frameworks",
					"@loader_path/Frameworks",
				);
				PRODUCT_BUNDLE_IDENTIFIER = com.maxim.soldatov.EssentialFeediOS;
				PRODUCT_NAME = "$(TARGET_NAME:c99extidentifier)";
				SDKROOT = iphoneos;
				SKIP_INSTALL = YES;
				SWIFT_OPTIMIZATION_LEVEL = "-Onone";
				SWIFT_VERSION = 5.0;
				TARGETED_DEVICE_FAMILY = "1,2";
			};
			name = Debug;
		};
		73128688257E084600FCEE69 /* Release */ = {
			isa = XCBuildConfiguration;
			buildSettings = {
				CLANG_ENABLE_MODULES = YES;
				CODE_SIGN_STYLE = Automatic;
				DEFINES_MODULE = YES;
				DEVELOPMENT_TEAM = CF3B3QT65H;
				DYLIB_COMPATIBILITY_VERSION = 1;
				DYLIB_CURRENT_VERSION = 1;
				DYLIB_INSTALL_NAME_BASE = "@rpath";
				INFOPLIST_FILE = EssentialFeediOS/Info.plist;
				INSTALL_PATH = "$(LOCAL_LIBRARY_DIR)/Frameworks";
				IPHONEOS_DEPLOYMENT_TARGET = 12.0;
				LD_RUNPATH_SEARCH_PATHS = (
					"$(inherited)",
					"@executable_path/Frameworks",
					"@loader_path/Frameworks",
				);
				PRODUCT_BUNDLE_IDENTIFIER = com.maxim.soldatov.EssentialFeediOS;
				PRODUCT_NAME = "$(TARGET_NAME:c99extidentifier)";
				SDKROOT = iphoneos;
				SKIP_INSTALL = YES;
				SWIFT_VERSION = 5.0;
				TARGETED_DEVICE_FAMILY = "1,2";
				VALIDATE_PRODUCT = YES;
			};
			name = Release;
		};
		7312868A257E084600FCEE69 /* Debug */ = {
			isa = XCBuildConfiguration;
			buildSettings = {
				ALWAYS_EMBED_SWIFT_STANDARD_LIBRARIES = YES;
				CLANG_ENABLE_MODULES = YES;
				CODE_SIGN_STYLE = Automatic;
				DEVELOPMENT_TEAM = CF3B3QT65H;
				INFOPLIST_FILE = EssentialFeediOSTests/Info.plist;
				IPHONEOS_DEPLOYMENT_TARGET = 14.2;
				LD_RUNPATH_SEARCH_PATHS = (
					"$(inherited)",
					"@executable_path/Frameworks",
					"@loader_path/Frameworks",
				);
				PRODUCT_BUNDLE_IDENTIFIER = com.maxim.soldatov.EssentialFeediOSTests;
				PRODUCT_NAME = "$(TARGET_NAME)";
				SDKROOT = iphoneos;
				SWIFT_OPTIMIZATION_LEVEL = "-Onone";
				SWIFT_VERSION = 5.0;
				TARGETED_DEVICE_FAMILY = "1,2";
			};
			name = Debug;
		};
		7312868B257E084600FCEE69 /* Release */ = {
			isa = XCBuildConfiguration;
			buildSettings = {
				ALWAYS_EMBED_SWIFT_STANDARD_LIBRARIES = YES;
				CLANG_ENABLE_MODULES = YES;
				CODE_SIGN_STYLE = Automatic;
				DEVELOPMENT_TEAM = CF3B3QT65H;
				INFOPLIST_FILE = EssentialFeediOSTests/Info.plist;
				IPHONEOS_DEPLOYMENT_TARGET = 14.2;
				LD_RUNPATH_SEARCH_PATHS = (
					"$(inherited)",
					"@executable_path/Frameworks",
					"@loader_path/Frameworks",
				);
				PRODUCT_BUNDLE_IDENTIFIER = com.maxim.soldatov.EssentialFeediOSTests;
				PRODUCT_NAME = "$(TARGET_NAME)";
				SDKROOT = iphoneos;
				SWIFT_VERSION = 5.0;
				TARGETED_DEVICE_FAMILY = "1,2";
				VALIDATE_PRODUCT = YES;
			};
			name = Release;
		};
		73258C912578C2310052ACF8 /* Debug */ = {
			isa = XCBuildConfiguration;
			buildSettings = {
				ALWAYS_SEARCH_USER_PATHS = NO;
				CLANG_ANALYZER_LOCALIZABILITY_NONLOCALIZED = YES;
				CLANG_ANALYZER_NONNULL = YES;
				CLANG_ANALYZER_NUMBER_OBJECT_CONVERSION = YES_AGGRESSIVE;
				CLANG_CXX_LANGUAGE_STANDARD = "gnu++14";
				CLANG_CXX_LIBRARY = "libc++";
				CLANG_ENABLE_MODULES = YES;
				CLANG_ENABLE_OBJC_ARC = YES;
				CLANG_ENABLE_OBJC_WEAK = YES;
				CLANG_WARN_BLOCK_CAPTURE_AUTORELEASING = YES;
				CLANG_WARN_BOOL_CONVERSION = YES;
				CLANG_WARN_COMMA = YES;
				CLANG_WARN_CONSTANT_CONVERSION = YES;
				CLANG_WARN_DEPRECATED_OBJC_IMPLEMENTATIONS = YES;
				CLANG_WARN_DIRECT_OBJC_ISA_USAGE = YES_ERROR;
				CLANG_WARN_DOCUMENTATION_COMMENTS = YES;
				CLANG_WARN_EMPTY_BODY = YES;
				CLANG_WARN_ENUM_CONVERSION = YES;
				CLANG_WARN_INFINITE_RECURSION = YES;
				CLANG_WARN_INT_CONVERSION = YES;
				CLANG_WARN_NON_LITERAL_NULL_CONVERSION = YES;
				CLANG_WARN_OBJC_IMPLICIT_RETAIN_SELF = YES;
				CLANG_WARN_OBJC_LITERAL_CONVERSION = YES;
				CLANG_WARN_OBJC_ROOT_CLASS = YES_ERROR;
				CLANG_WARN_QUOTED_INCLUDE_IN_FRAMEWORK_HEADER = YES;
				CLANG_WARN_RANGE_LOOP_ANALYSIS = YES;
				CLANG_WARN_STRICT_PROTOTYPES = YES;
				CLANG_WARN_SUSPICIOUS_MOVE = YES;
				CLANG_WARN_UNGUARDED_AVAILABILITY = YES_AGGRESSIVE;
				CLANG_WARN_UNREACHABLE_CODE = YES;
				CLANG_WARN__DUPLICATE_METHOD_MATCH = YES;
				COPY_PHASE_STRIP = NO;
				CURRENT_PROJECT_VERSION = 1;
				DEBUG_INFORMATION_FORMAT = dwarf;
				ENABLE_STRICT_OBJC_MSGSEND = YES;
				ENABLE_TESTABILITY = YES;
				GCC_C_LANGUAGE_STANDARD = gnu11;
				GCC_DYNAMIC_NO_PIC = NO;
				GCC_NO_COMMON_BLOCKS = YES;
				GCC_OPTIMIZATION_LEVEL = 0;
				GCC_PREPROCESSOR_DEFINITIONS = (
					"DEBUG=1",
					"$(inherited)",
				);
				GCC_WARN_64_TO_32_BIT_CONVERSION = YES;
				GCC_WARN_ABOUT_RETURN_TYPE = YES_ERROR;
				GCC_WARN_UNDECLARED_SELECTOR = YES;
				GCC_WARN_UNINITIALIZED_AUTOS = YES_AGGRESSIVE;
				GCC_WARN_UNUSED_FUNCTION = YES;
				GCC_WARN_UNUSED_VARIABLE = YES;
				MACOSX_DEPLOYMENT_TARGET = 10.15;
				MTL_ENABLE_DEBUG_INFO = INCLUDE_SOURCE;
				MTL_FAST_MATH = YES;
				ONLY_ACTIVE_ARCH = YES;
				SDKROOT = macosx;
				SWIFT_ACTIVE_COMPILATION_CONDITIONS = DEBUG;
				SWIFT_OPTIMIZATION_LEVEL = "-Onone";
				VERSIONING_SYSTEM = "apple-generic";
				VERSION_INFO_PREFIX = "";
			};
			name = Debug;
		};
		73258C922578C2310052ACF8 /* Release */ = {
			isa = XCBuildConfiguration;
			buildSettings = {
				ALWAYS_SEARCH_USER_PATHS = NO;
				CLANG_ANALYZER_LOCALIZABILITY_NONLOCALIZED = YES;
				CLANG_ANALYZER_NONNULL = YES;
				CLANG_ANALYZER_NUMBER_OBJECT_CONVERSION = YES_AGGRESSIVE;
				CLANG_CXX_LANGUAGE_STANDARD = "gnu++14";
				CLANG_CXX_LIBRARY = "libc++";
				CLANG_ENABLE_MODULES = YES;
				CLANG_ENABLE_OBJC_ARC = YES;
				CLANG_ENABLE_OBJC_WEAK = YES;
				CLANG_WARN_BLOCK_CAPTURE_AUTORELEASING = YES;
				CLANG_WARN_BOOL_CONVERSION = YES;
				CLANG_WARN_COMMA = YES;
				CLANG_WARN_CONSTANT_CONVERSION = YES;
				CLANG_WARN_DEPRECATED_OBJC_IMPLEMENTATIONS = YES;
				CLANG_WARN_DIRECT_OBJC_ISA_USAGE = YES_ERROR;
				CLANG_WARN_DOCUMENTATION_COMMENTS = YES;
				CLANG_WARN_EMPTY_BODY = YES;
				CLANG_WARN_ENUM_CONVERSION = YES;
				CLANG_WARN_INFINITE_RECURSION = YES;
				CLANG_WARN_INT_CONVERSION = YES;
				CLANG_WARN_NON_LITERAL_NULL_CONVERSION = YES;
				CLANG_WARN_OBJC_IMPLICIT_RETAIN_SELF = YES;
				CLANG_WARN_OBJC_LITERAL_CONVERSION = YES;
				CLANG_WARN_OBJC_ROOT_CLASS = YES_ERROR;
				CLANG_WARN_QUOTED_INCLUDE_IN_FRAMEWORK_HEADER = YES;
				CLANG_WARN_RANGE_LOOP_ANALYSIS = YES;
				CLANG_WARN_STRICT_PROTOTYPES = YES;
				CLANG_WARN_SUSPICIOUS_MOVE = YES;
				CLANG_WARN_UNGUARDED_AVAILABILITY = YES_AGGRESSIVE;
				CLANG_WARN_UNREACHABLE_CODE = YES;
				CLANG_WARN__DUPLICATE_METHOD_MATCH = YES;
				COPY_PHASE_STRIP = NO;
				CURRENT_PROJECT_VERSION = 1;
				DEBUG_INFORMATION_FORMAT = "dwarf-with-dsym";
				ENABLE_NS_ASSERTIONS = NO;
				ENABLE_STRICT_OBJC_MSGSEND = YES;
				GCC_C_LANGUAGE_STANDARD = gnu11;
				GCC_NO_COMMON_BLOCKS = YES;
				GCC_WARN_64_TO_32_BIT_CONVERSION = YES;
				GCC_WARN_ABOUT_RETURN_TYPE = YES_ERROR;
				GCC_WARN_UNDECLARED_SELECTOR = YES;
				GCC_WARN_UNINITIALIZED_AUTOS = YES_AGGRESSIVE;
				GCC_WARN_UNUSED_FUNCTION = YES;
				GCC_WARN_UNUSED_VARIABLE = YES;
				MACOSX_DEPLOYMENT_TARGET = 10.15;
				MTL_ENABLE_DEBUG_INFO = NO;
				MTL_FAST_MATH = YES;
				SDKROOT = macosx;
				SWIFT_COMPILATION_MODE = wholemodule;
				SWIFT_OPTIMIZATION_LEVEL = "-O";
				VERSIONING_SYSTEM = "apple-generic";
				VERSION_INFO_PREFIX = "";
			};
			name = Release;
		};
		73258C942578C2310052ACF8 /* Debug */ = {
			isa = XCBuildConfiguration;
			buildSettings = {
				CLANG_ENABLE_MODULES = YES;
				CODE_SIGN_STYLE = Automatic;
				COMBINE_HIDPI_IMAGES = YES;
				DEFINES_MODULE = YES;
				DEVELOPMENT_TEAM = CF3B3QT65H;
				DYLIB_COMPATIBILITY_VERSION = 1;
				DYLIB_CURRENT_VERSION = 1;
				DYLIB_INSTALL_NAME_BASE = "@rpath";
				INFOPLIST_FILE = EssentialFeed/Info.plist;
				INSTALL_PATH = "$(LOCAL_LIBRARY_DIR)/Frameworks";
				IPHONEOS_DEPLOYMENT_TARGET = 12.0;
				LD_RUNPATH_SEARCH_PATHS = (
					"$(inherited)",
					"@executable_path/../Frameworks",
					"@loader_path/Frameworks",
				);
				MACOSX_DEPLOYMENT_TARGET = 10.15;
				PRODUCT_BUNDLE_IDENTIFIER = com.maxim.soldatov.EssentialFeed;
				PRODUCT_NAME = "$(TARGET_NAME:c99extidentifier)";
				SKIP_INSTALL = YES;
				SUPPORTED_PLATFORMS = "iphonesimulator iphoneos macosx";
				SWIFT_OPTIMIZATION_LEVEL = "-Onone";
				SWIFT_VERSION = 5.0;
			};
			name = Debug;
		};
		73258C952578C2310052ACF8 /* Release */ = {
			isa = XCBuildConfiguration;
			buildSettings = {
				CLANG_ENABLE_MODULES = YES;
				CODE_SIGN_STYLE = Automatic;
				COMBINE_HIDPI_IMAGES = YES;
				DEFINES_MODULE = YES;
				DEVELOPMENT_TEAM = CF3B3QT65H;
				DYLIB_COMPATIBILITY_VERSION = 1;
				DYLIB_CURRENT_VERSION = 1;
				DYLIB_INSTALL_NAME_BASE = "@rpath";
				INFOPLIST_FILE = EssentialFeed/Info.plist;
				INSTALL_PATH = "$(LOCAL_LIBRARY_DIR)/Frameworks";
				IPHONEOS_DEPLOYMENT_TARGET = 12.0;
				LD_RUNPATH_SEARCH_PATHS = (
					"$(inherited)",
					"@executable_path/../Frameworks",
					"@loader_path/Frameworks",
				);
				MACOSX_DEPLOYMENT_TARGET = 10.15;
				PRODUCT_BUNDLE_IDENTIFIER = com.maxim.soldatov.EssentialFeed;
				PRODUCT_NAME = "$(TARGET_NAME:c99extidentifier)";
				SKIP_INSTALL = YES;
				SUPPORTED_PLATFORMS = "iphonesimulator iphoneos macosx";
				SWIFT_VERSION = 5.0;
			};
			name = Release;
		};
		73258C972578C2310052ACF8 /* Debug */ = {
			isa = XCBuildConfiguration;
			buildSettings = {
				ALWAYS_EMBED_SWIFT_STANDARD_LIBRARIES = YES;
				CLANG_ENABLE_MODULES = YES;
				CODE_SIGN_STYLE = Automatic;
				COMBINE_HIDPI_IMAGES = YES;
				DEVELOPMENT_TEAM = CF3B3QT65H;
				INFOPLIST_FILE = EssentialFeedTests/Info.plist;
				LD_RUNPATH_SEARCH_PATHS = (
					"$(inherited)",
					"@executable_path/../Frameworks",
					"@loader_path/../Frameworks",
				);
				PRODUCT_BUNDLE_IDENTIFIER = com.maxim.soldatov.EssentialFeedTests;
				PRODUCT_NAME = "$(TARGET_NAME)";
				SUPPORTED_PLATFORMS = "iphonesimulator iphoneos macosx";
				SWIFT_OPTIMIZATION_LEVEL = "-Onone";
				SWIFT_VERSION = 5.0;
			};
			name = Debug;
		};
		73258C982578C2310052ACF8 /* Release */ = {
			isa = XCBuildConfiguration;
			buildSettings = {
				ALWAYS_EMBED_SWIFT_STANDARD_LIBRARIES = YES;
				CLANG_ENABLE_MODULES = YES;
				CODE_SIGN_STYLE = Automatic;
				COMBINE_HIDPI_IMAGES = YES;
				DEVELOPMENT_TEAM = CF3B3QT65H;
				INFOPLIST_FILE = EssentialFeedTests/Info.plist;
				LD_RUNPATH_SEARCH_PATHS = (
					"$(inherited)",
					"@executable_path/../Frameworks",
					"@loader_path/../Frameworks",
				);
				PRODUCT_BUNDLE_IDENTIFIER = com.maxim.soldatov.EssentialFeedTests;
				PRODUCT_NAME = "$(TARGET_NAME)";
				SUPPORTED_PLATFORMS = "iphonesimulator iphoneos macosx";
				SWIFT_VERSION = 5.0;
			};
			name = Release;
		};
		737D0EF0257D405600D2E8A5 /* Debug */ = {
			isa = XCBuildConfiguration;
			buildSettings = {
				CODE_SIGN_STYLE = Automatic;
				COMBINE_HIDPI_IMAGES = YES;
				DEVELOPMENT_TEAM = CF3B3QT65H;
				INFOPLIST_FILE = EssentialFeedCacheIntegrationTests/Info.plist;
				LD_RUNPATH_SEARCH_PATHS = (
					"$(inherited)",
					"@executable_path/../Frameworks",
					"@loader_path/../Frameworks",
				);
				MACOSX_DEPLOYMENT_TARGET = 11.0;
				PRODUCT_BUNDLE_IDENTIFIER = com.maxim.soldatov.EssentialFeedCacheIntegrationTests;
				PRODUCT_NAME = "$(TARGET_NAME)";
				SUPPORTED_PLATFORMS = "iphonesimulator iphoneos macosx";
				SWIFT_VERSION = 5.0;
			};
			name = Debug;
		};
		737D0EF1257D405600D2E8A5 /* Release */ = {
			isa = XCBuildConfiguration;
			buildSettings = {
				CODE_SIGN_STYLE = Automatic;
				COMBINE_HIDPI_IMAGES = YES;
				DEVELOPMENT_TEAM = CF3B3QT65H;
				INFOPLIST_FILE = EssentialFeedCacheIntegrationTests/Info.plist;
				LD_RUNPATH_SEARCH_PATHS = (
					"$(inherited)",
					"@executable_path/../Frameworks",
					"@loader_path/../Frameworks",
				);
				MACOSX_DEPLOYMENT_TARGET = 11.0;
				PRODUCT_BUNDLE_IDENTIFIER = com.maxim.soldatov.EssentialFeedCacheIntegrationTests;
				PRODUCT_NAME = "$(TARGET_NAME)";
				SUPPORTED_PLATFORMS = "iphonesimulator iphoneos macosx";
				SWIFT_VERSION = 5.0;
			};
			name = Release;
		};
		73E67A92257A7B3600130A20 /* Debug */ = {
			isa = XCBuildConfiguration;
			buildSettings = {
				CODE_SIGN_STYLE = Automatic;
				COMBINE_HIDPI_IMAGES = YES;
				DEVELOPMENT_TEAM = CF3B3QT65H;
				INFOPLIST_FILE = EssentialFeedAPIEndToEndTests/Info.plist;
				LD_RUNPATH_SEARCH_PATHS = (
					"$(inherited)",
					"@executable_path/../Frameworks",
					"@loader_path/../Frameworks",
				);
				PRODUCT_BUNDLE_IDENTIFIER = com.maxim.soldatov.EssentialFeedAPIEndToEndTests;
				PRODUCT_NAME = "$(TARGET_NAME)";
				SUPPORTED_PLATFORMS = "iphonesimulator iphoneos macosx";
				SWIFT_VERSION = 5.0;
			};
			name = Debug;
		};
		73E67A93257A7B3600130A20 /* Release */ = {
			isa = XCBuildConfiguration;
			buildSettings = {
				CODE_SIGN_STYLE = Automatic;
				COMBINE_HIDPI_IMAGES = YES;
				DEVELOPMENT_TEAM = CF3B3QT65H;
				INFOPLIST_FILE = EssentialFeedAPIEndToEndTests/Info.plist;
				LD_RUNPATH_SEARCH_PATHS = (
					"$(inherited)",
					"@executable_path/../Frameworks",
					"@loader_path/../Frameworks",
				);
				PRODUCT_BUNDLE_IDENTIFIER = com.maxim.soldatov.EssentialFeedAPIEndToEndTests;
				PRODUCT_NAME = "$(TARGET_NAME)";
				SUPPORTED_PLATFORMS = "iphonesimulator iphoneos macosx";
				SWIFT_VERSION = 5.0;
			};
			name = Release;
		};
/* End XCBuildConfiguration section */

/* Begin XCConfigurationList section */
		73128686257E084600FCEE69 /* Build configuration list for PBXNativeTarget "EssentialFeediOS" */ = {
			isa = XCConfigurationList;
			buildConfigurations = (
				73128687257E084600FCEE69 /* Debug */,
				73128688257E084600FCEE69 /* Release */,
			);
			defaultConfigurationIsVisible = 0;
			defaultConfigurationName = Release;
		};
		73128689257E084600FCEE69 /* Build configuration list for PBXNativeTarget "EssentialFeediOSTests" */ = {
			isa = XCConfigurationList;
			buildConfigurations = (
				7312868A257E084600FCEE69 /* Debug */,
				7312868B257E084600FCEE69 /* Release */,
			);
			defaultConfigurationIsVisible = 0;
			defaultConfigurationName = Release;
		};
		73258C792578C2310052ACF8 /* Build configuration list for PBXProject "EssentialFeed" */ = {
			isa = XCConfigurationList;
			buildConfigurations = (
				73258C912578C2310052ACF8 /* Debug */,
				73258C922578C2310052ACF8 /* Release */,
			);
			defaultConfigurationIsVisible = 0;
			defaultConfigurationName = Release;
		};
		73258C932578C2310052ACF8 /* Build configuration list for PBXNativeTarget "EssentialFeed" */ = {
			isa = XCConfigurationList;
			buildConfigurations = (
				73258C942578C2310052ACF8 /* Debug */,
				73258C952578C2310052ACF8 /* Release */,
			);
			defaultConfigurationIsVisible = 0;
			defaultConfigurationName = Release;
		};
		73258C962578C2310052ACF8 /* Build configuration list for PBXNativeTarget "EssentialFeedTests" */ = {
			isa = XCConfigurationList;
			buildConfigurations = (
				73258C972578C2310052ACF8 /* Debug */,
				73258C982578C2310052ACF8 /* Release */,
			);
			defaultConfigurationIsVisible = 0;
			defaultConfigurationName = Release;
		};
		737D0EEF257D405600D2E8A5 /* Build configuration list for PBXNativeTarget "EssentialFeedCacheIntegrationTests" */ = {
			isa = XCConfigurationList;
			buildConfigurations = (
				737D0EF0257D405600D2E8A5 /* Debug */,
				737D0EF1257D405600D2E8A5 /* Release */,
			);
			defaultConfigurationIsVisible = 0;
			defaultConfigurationName = Release;
		};
		73E67A91257A7B3600130A20 /* Build configuration list for PBXNativeTarget "EssentialFeedAPIEndToEndTests" */ = {
			isa = XCConfigurationList;
			buildConfigurations = (
				73E67A92257A7B3600130A20 /* Debug */,
				73E67A93257A7B3600130A20 /* Release */,
			);
			defaultConfigurationIsVisible = 0;
			defaultConfigurationName = Release;
		};
/* End XCConfigurationList section */

/* Begin XCVersionGroup section */
		737D0EB4257D2C6600D2E8A5 /* FeedStore.xcdatamodeld */ = {
			isa = XCVersionGroup;
			children = (
				733BCBD725891C5500114C88 /* FeedStore 2.xcdatamodel */,
				737D0EB5257D2C6600D2E8A5 /* FeedStore.xcdatamodel */,
			);
			currentVersion = 733BCBD725891C5500114C88 /* FeedStore 2.xcdatamodel */;
			path = FeedStore.xcdatamodeld;
			sourceTree = "<group>";
			versionGroupType = wrapper.xcdatamodel;
		};
/* End XCVersionGroup section */
	};
	rootObject = 73258C762578C2310052ACF8 /* Project object */;
}
