// !$*UTF8*$!
{
	archiveVersion = 1;
	classes = {
	};
	objectVersion = 50;
	objects = {

/* Begin PBXBuildFile section */
		732C18C225A0AA2F00AB50C2 /* CommentsUIIntegrationTests.swift in Sources */ = {isa = PBXBuildFile; fileRef = 732C18C025A0AA2F00AB50C2 /* CommentsUIIntegrationTests.swift */; };
		732C18C625A0AD4700AB50C2 /* CommentsUIComposer.swift in Sources */ = {isa = PBXBuildFile; fileRef = 732C18C525A0AD4700AB50C2 /* CommentsUIComposer.swift */; };
		733BCC4C2589DA0000114C88 /* AppDelegate.swift in Sources */ = {isa = PBXBuildFile; fileRef = 733BCC4B2589DA0000114C88 /* AppDelegate.swift */; };
		733BCC4E2589DA0000114C88 /* SceneDelegate.swift in Sources */ = {isa = PBXBuildFile; fileRef = 733BCC4D2589DA0000114C88 /* SceneDelegate.swift */; };
		733BCC552589DA0300114C88 /* Assets.xcassets in Resources */ = {isa = PBXBuildFile; fileRef = 733BCC542589DA0300114C88 /* Assets.xcassets */; };
		733BCC582589DA0300114C88 /* LaunchScreen.storyboard in Resources */ = {isa = PBXBuildFile; fileRef = 733BCC562589DA0300114C88 /* LaunchScreen.storyboard */; };
		733BCC902589DCA200114C88 /* EssentialFeed.framework in Frameworks */ = {isa = PBXBuildFile; fileRef = 733BCC8E2589DCA200114C88 /* EssentialFeed.framework */; };
		733BCC912589DCA200114C88 /* EssentialFeed.framework in Embed Frameworks */ = {isa = PBXBuildFile; fileRef = 733BCC8E2589DCA200114C88 /* EssentialFeed.framework */; settings = {ATTRIBUTES = (CodeSignOnCopy, RemoveHeadersOnCopy, ); }; };
		733BCC922589DCA200114C88 /* EssentialFeediOS.framework in Frameworks */ = {isa = PBXBuildFile; fileRef = 733BCC8F2589DCA200114C88 /* EssentialFeediOS.framework */; };
		733BCC932589DCA200114C88 /* EssentialFeediOS.framework in Embed Frameworks */ = {isa = PBXBuildFile; fileRef = 733BCC8F2589DCA200114C88 /* EssentialFeediOS.framework */; settings = {ATTRIBUTES = (CodeSignOnCopy, RemoveHeadersOnCopy, ); }; };
		735EF14325921709000C15E8 /* CombineHelpers.swift in Sources */ = {isa = PBXBuildFile; fileRef = 735EF14225921709000C15E8 /* CombineHelpers.swift */; };
		735FDED4258B453900E52E10 /* XCTestCase+MemoryLeakTracking.swift in Sources */ = {isa = PBXBuildFile; fileRef = 735FDED3258B453900E52E10 /* XCTestCase+MemoryLeakTracking.swift */; };
		735FDED9258B45A400E52E10 /* SharedTestHelpers.swift in Sources */ = {isa = PBXBuildFile; fileRef = 735FDED8258B45A400E52E10 /* SharedTestHelpers.swift */; };
		73C4D4702590FBF200D93D51 /* EssentialFeedPresentation.framework in Frameworks */ = {isa = PBXBuildFile; fileRef = 73C4D46F2590FBF200D93D51 /* EssentialFeedPresentation.framework */; };
		73C4D4712590FBF200D93D51 /* EssentialFeedPresentation.framework in Embed Frameworks */ = {isa = PBXBuildFile; fileRef = 73C4D46F2590FBF200D93D51 /* EssentialFeedPresentation.framework */; settings = {ATTRIBUTES = (CodeSignOnCopy, RemoveHeadersOnCopy, ); }; };
		73CB8112258E271C00E9FF4A /* SceneDelegateTests.swift in Sources */ = {isa = PBXBuildFile; fileRef = 73CB8110258E271C00E9FF4A /* SceneDelegateTests.swift */; };
		73CB815B258E2D7400E9FF4A /* WeakRefVirtualProxy.swift in Sources */ = {isa = PBXBuildFile; fileRef = 73CB8158258E2D7400E9FF4A /* WeakRefVirtualProxy.swift */; };
		73CB815E258E2D7400E9FF4A /* LoadResourcePresentationAdapter.swift in Sources */ = {isa = PBXBuildFile; fileRef = 73CB815A258E2D7400E9FF4A /* LoadResourcePresentationAdapter.swift */; };
		73CB815F258E2D7400E9FF4A /* FeedViewAdapter.swift in Sources */ = {isa = PBXBuildFile; fileRef = 73CB8159258E2D7400E9FF4A /* FeedViewAdapter.swift */; };
		73CB8160258E2D7400E9FF4A /* FeedUIComposer.swift in Sources */ = {isa = PBXBuildFile; fileRef = 73CB8155258E2D7300E9FF4A /* FeedUIComposer.swift */; };
		73CB8176258E2DB700E9FF4A /* FeedImageCell+TestHelpers.swift in Sources */ = {isa = PBXBuildFile; fileRef = 73CB8174258E2DB700E9FF4A /* FeedImageCell+TestHelpers.swift */; };
		73CB8177258E2DB700E9FF4A /* UIRefreshControl+TestHelpers.swift in Sources */ = {isa = PBXBuildFile; fileRef = 73CB8175258E2DB700E9FF4A /* UIRefreshControl+TestHelpers.swift */; };
		73CB8178258E2DB700E9FF4A /* UIImage+TestHelpers.swift in Sources */ = {isa = PBXBuildFile; fileRef = 73CB8170258E2DB700E9FF4A /* UIImage+TestHelpers.swift */; };
		73CB8179258E2DB700E9FF4A /* FeedUIIntegrationTests+Assertions.swift in Sources */ = {isa = PBXBuildFile; fileRef = 73CB8172258E2DB700E9FF4A /* FeedUIIntegrationTests+Assertions.swift */; };
		73CB817A258E2DB700E9FF4A /* UIControl+TestHelpers.swift in Sources */ = {isa = PBXBuildFile; fileRef = 73CB816F258E2DB600E9FF4A /* UIControl+TestHelpers.swift */; };
		73CB817B258E2DB700E9FF4A /* FeedUIIntegrationTests+LoaderSpy.swift in Sources */ = {isa = PBXBuildFile; fileRef = 73CB816D258E2DB600E9FF4A /* FeedUIIntegrationTests+LoaderSpy.swift */; };
		73CB817C258E2DB700E9FF4A /* UIButton+TestHelpers.swift in Sources */ = {isa = PBXBuildFile; fileRef = 73CB816E258E2DB600E9FF4A /* UIButton+TestHelpers.swift */; };
		73CB817D258E2DB700E9FF4A /* FeedUIIntegrationTests+Localization.swift in Sources */ = {isa = PBXBuildFile; fileRef = 73CB8173258E2DB700E9FF4A /* FeedUIIntegrationTests+Localization.swift */; };
		73CB817E258E2DB700E9FF4A /* ListViewController+TestHelpers.swift in Sources */ = {isa = PBXBuildFile; fileRef = 73CB8171258E2DB700E9FF4A /* ListViewController+TestHelpers.swift */; };
		73CB818E258E2DE000E9FF4A /* FeedUIIntegrationTests.swift in Sources */ = {isa = PBXBuildFile; fileRef = 73CB818D258E2DE000E9FF4A /* FeedUIIntegrationTests.swift */; };
		73CB81A0258E30FA00E9FF4A /* FeedAcceptanceTests.swift in Sources */ = {isa = PBXBuildFile; fileRef = 73CB819E258E30FA00E9FF4A /* FeedAcceptanceTests.swift */; };
		73CB81A9258E3A8600E9FF4A /* HTTPClientStub.swift in Sources */ = {isa = PBXBuildFile; fileRef = 73CB81A8258E3A8600E9FF4A /* HTTPClientStub.swift */; };
		73CB81AC258E3AD100E9FF4A /* InMemoryFeedStore.swift in Sources */ = {isa = PBXBuildFile; fileRef = 73CB81AB258E3AD100E9FF4A /* InMemoryFeedStore.swift */; };
		73CB81E1258E492500E9FF4A /* UIView+TestHelpers.swift in Sources */ = {isa = PBXBuildFile; fileRef = 73CB81E0258E492500E9FF4A /* UIView+TestHelpers.swift */; };
		73CB8291258E516A00E9FF4A /* EssentialFeedAPI.framework in Frameworks */ = {isa = PBXBuildFile; fileRef = 73CB8290258E516A00E9FF4A /* EssentialFeedAPI.framework */; };
		73CB8292258E516A00E9FF4A /* EssentialFeedAPI.framework in Embed Frameworks */ = {isa = PBXBuildFile; fileRef = 73CB8290258E516A00E9FF4A /* EssentialFeedAPI.framework */; settings = {ATTRIBUTES = (CodeSignOnCopy, RemoveHeadersOnCopy, ); }; };
		73EB33AE258C938C001B46A2 /* FeedImageDataLoaderSpy.swift in Sources */ = {isa = PBXBuildFile; fileRef = 73EB33AD258C938C001B46A2 /* FeedImageDataLoaderSpy.swift */; };
		73EB33B1258C9473001B46A2 /* XCTestCase+FeedImageDataLoader.swift in Sources */ = {isa = PBXBuildFile; fileRef = 73EB33B0258C9473001B46A2 /* XCTestCase+FeedImageDataLoader.swift */; };
		73F936B1258ECB5E00175DCF /* EssentialFeedCache.framework in Frameworks */ = {isa = PBXBuildFile; fileRef = 73F936B0258ECB5E00175DCF /* EssentialFeedCache.framework */; settings = {ATTRIBUTES = (Required, ); }; };
		73F936B2258ECB5E00175DCF /* EssentialFeedCache.framework in Embed Frameworks */ = {isa = PBXBuildFile; fileRef = 73F936B0258ECB5E00175DCF /* EssentialFeedCache.framework */; settings = {ATTRIBUTES = (CodeSignOnCopy, RemoveHeadersOnCopy, ); }; };
/* End PBXBuildFile section */

/* Begin PBXContainerItemProxy section */
		733BCC5F2589DA0300114C88 /* PBXContainerItemProxy */ = {
			isa = PBXContainerItemProxy;
			containerPortal = 733BCC402589DA0000114C88 /* Project object */;
			proxyType = 1;
			remoteGlobalIDString = 733BCC472589DA0000114C88;
			remoteInfo = EssentialApp;
		};
/* End PBXContainerItemProxy section */

/* Begin PBXCopyFilesBuildPhase section */
		733BCC942589DCA200114C88 /* Embed Frameworks */ = {
			isa = PBXCopyFilesBuildPhase;
			buildActionMask = 12;
			dstPath = "";
			dstSubfolderSpec = 10;
			files = (
				73C4D4712590FBF200D93D51 /* EssentialFeedPresentation.framework in Embed Frameworks */,
				73F936B2258ECB5E00175DCF /* EssentialFeedCache.framework in Embed Frameworks */,
				73CB8292258E516A00E9FF4A /* EssentialFeedAPI.framework in Embed Frameworks */,
				733BCC912589DCA200114C88 /* EssentialFeed.framework in Embed Frameworks */,
				733BCC932589DCA200114C88 /* EssentialFeediOS.framework in Embed Frameworks */,
			);
			name = "Embed Frameworks";
			runOnlyForDeploymentPostprocessing = 0;
		};
/* End PBXCopyFilesBuildPhase section */

/* Begin PBXFileReference section */
		732C18C025A0AA2F00AB50C2 /* CommentsUIIntegrationTests.swift */ = {isa = PBXFileReference; lastKnownFileType = sourcecode.swift; path = CommentsUIIntegrationTests.swift; sourceTree = "<group>"; };
		732C18C525A0AD4700AB50C2 /* CommentsUIComposer.swift */ = {isa = PBXFileReference; lastKnownFileType = sourcecode.swift; path = CommentsUIComposer.swift; sourceTree = "<group>"; };
		733BCC482589DA0000114C88 /* EssentialApp.app */ = {isa = PBXFileReference; explicitFileType = wrapper.application; includeInIndex = 0; path = EssentialApp.app; sourceTree = BUILT_PRODUCTS_DIR; };
		733BCC4B2589DA0000114C88 /* AppDelegate.swift */ = {isa = PBXFileReference; lastKnownFileType = sourcecode.swift; path = AppDelegate.swift; sourceTree = "<group>"; };
		733BCC4D2589DA0000114C88 /* SceneDelegate.swift */ = {isa = PBXFileReference; lastKnownFileType = sourcecode.swift; path = SceneDelegate.swift; sourceTree = "<group>"; };
		733BCC542589DA0300114C88 /* Assets.xcassets */ = {isa = PBXFileReference; lastKnownFileType = folder.assetcatalog; path = Assets.xcassets; sourceTree = "<group>"; };
		733BCC572589DA0300114C88 /* Base */ = {isa = PBXFileReference; lastKnownFileType = file.storyboard; name = Base; path = Base.lproj/LaunchScreen.storyboard; sourceTree = "<group>"; };
		733BCC592589DA0300114C88 /* Info.plist */ = {isa = PBXFileReference; lastKnownFileType = text.plist.xml; path = Info.plist; sourceTree = "<group>"; };
		733BCC5E2589DA0300114C88 /* EssentialAppTests.xctest */ = {isa = PBXFileReference; explicitFileType = wrapper.cfbundle; includeInIndex = 0; path = EssentialAppTests.xctest; sourceTree = BUILT_PRODUCTS_DIR; };
		733BCC642589DA0300114C88 /* Info.plist */ = {isa = PBXFileReference; lastKnownFileType = text.plist.xml; path = Info.plist; sourceTree = "<group>"; };
		733BCC8E2589DCA200114C88 /* EssentialFeed.framework */ = {isa = PBXFileReference; explicitFileType = wrapper.framework; path = EssentialFeed.framework; sourceTree = BUILT_PRODUCTS_DIR; };
		733BCC8F2589DCA200114C88 /* EssentialFeediOS.framework */ = {isa = PBXFileReference; explicitFileType = wrapper.framework; path = EssentialFeediOS.framework; sourceTree = BUILT_PRODUCTS_DIR; };
		735EF14225921709000C15E8 /* CombineHelpers.swift */ = {isa = PBXFileReference; lastKnownFileType = sourcecode.swift; path = CombineHelpers.swift; sourceTree = "<group>"; };
		735FDED3258B453900E52E10 /* XCTestCase+MemoryLeakTracking.swift */ = {isa = PBXFileReference; lastKnownFileType = sourcecode.swift; path = "XCTestCase+MemoryLeakTracking.swift"; sourceTree = "<group>"; };
		735FDED8258B45A400E52E10 /* SharedTestHelpers.swift */ = {isa = PBXFileReference; lastKnownFileType = sourcecode.swift; path = SharedTestHelpers.swift; sourceTree = "<group>"; };
		73C4D46F2590FBF200D93D51 /* EssentialFeedPresentation.framework */ = {isa = PBXFileReference; explicitFileType = wrapper.framework; path = EssentialFeedPresentation.framework; sourceTree = BUILT_PRODUCTS_DIR; };
		73CB8110258E271C00E9FF4A /* SceneDelegateTests.swift */ = {isa = PBXFileReference; lastKnownFileType = sourcecode.swift; path = SceneDelegateTests.swift; sourceTree = "<group>"; };
		73CB8155258E2D7300E9FF4A /* FeedUIComposer.swift */ = {isa = PBXFileReference; lastKnownFileType = sourcecode.swift; path = FeedUIComposer.swift; sourceTree = "<group>"; };
		73CB8158258E2D7400E9FF4A /* WeakRefVirtualProxy.swift */ = {isa = PBXFileReference; lastKnownFileType = sourcecode.swift; path = WeakRefVirtualProxy.swift; sourceTree = "<group>"; };
		73CB8159258E2D7400E9FF4A /* FeedViewAdapter.swift */ = {isa = PBXFileReference; lastKnownFileType = sourcecode.swift; path = FeedViewAdapter.swift; sourceTree = "<group>"; };
		73CB815A258E2D7400E9FF4A /* LoadResourcePresentationAdapter.swift */ = {isa = PBXFileReference; lastKnownFileType = sourcecode.swift; path = LoadResourcePresentationAdapter.swift; sourceTree = "<group>"; };
		73CB816D258E2DB600E9FF4A /* FeedUIIntegrationTests+LoaderSpy.swift */ = {isa = PBXFileReference; lastKnownFileType = sourcecode.swift; path = "FeedUIIntegrationTests+LoaderSpy.swift"; sourceTree = "<group>"; };
		73CB816E258E2DB600E9FF4A /* UIButton+TestHelpers.swift */ = {isa = PBXFileReference; lastKnownFileType = sourcecode.swift; path = "UIButton+TestHelpers.swift"; sourceTree = "<group>"; };
		73CB816F258E2DB600E9FF4A /* UIControl+TestHelpers.swift */ = {isa = PBXFileReference; lastKnownFileType = sourcecode.swift; path = "UIControl+TestHelpers.swift"; sourceTree = "<group>"; };
		73CB8170258E2DB700E9FF4A /* UIImage+TestHelpers.swift */ = {isa = PBXFileReference; lastKnownFileType = sourcecode.swift; path = "UIImage+TestHelpers.swift"; sourceTree = "<group>"; };
		73CB8171258E2DB700E9FF4A /* ListViewController+TestHelpers.swift */ = {isa = PBXFileReference; lastKnownFileType = sourcecode.swift; path = "ListViewController+TestHelpers.swift"; sourceTree = "<group>"; };
		73CB8172258E2DB700E9FF4A /* FeedUIIntegrationTests+Assertions.swift */ = {isa = PBXFileReference; lastKnownFileType = sourcecode.swift; path = "FeedUIIntegrationTests+Assertions.swift"; sourceTree = "<group>"; };
		73CB8173258E2DB700E9FF4A /* FeedUIIntegrationTests+Localization.swift */ = {isa = PBXFileReference; lastKnownFileType = sourcecode.swift; path = "FeedUIIntegrationTests+Localization.swift"; sourceTree = "<group>"; };
		73CB8174258E2DB700E9FF4A /* FeedImageCell+TestHelpers.swift */ = {isa = PBXFileReference; lastKnownFileType = sourcecode.swift; path = "FeedImageCell+TestHelpers.swift"; sourceTree = "<group>"; };
		73CB8175258E2DB700E9FF4A /* UIRefreshControl+TestHelpers.swift */ = {isa = PBXFileReference; lastKnownFileType = sourcecode.swift; path = "UIRefreshControl+TestHelpers.swift"; sourceTree = "<group>"; };
		73CB818D258E2DE000E9FF4A /* FeedUIIntegrationTests.swift */ = {isa = PBXFileReference; lastKnownFileType = sourcecode.swift; path = FeedUIIntegrationTests.swift; sourceTree = "<group>"; };
		73CB819E258E30FA00E9FF4A /* FeedAcceptanceTests.swift */ = {isa = PBXFileReference; lastKnownFileType = sourcecode.swift; path = FeedAcceptanceTests.swift; sourceTree = "<group>"; };
		73CB81A8258E3A8600E9FF4A /* HTTPClientStub.swift */ = {isa = PBXFileReference; lastKnownFileType = sourcecode.swift; path = HTTPClientStub.swift; sourceTree = "<group>"; };
		73CB81AB258E3AD100E9FF4A /* InMemoryFeedStore.swift */ = {isa = PBXFileReference; lastKnownFileType = sourcecode.swift; path = InMemoryFeedStore.swift; sourceTree = "<group>"; };
		73CB81E0258E492500E9FF4A /* UIView+TestHelpers.swift */ = {isa = PBXFileReference; lastKnownFileType = sourcecode.swift; path = "UIView+TestHelpers.swift"; sourceTree = "<group>"; };
		73CB8290258E516A00E9FF4A /* EssentialFeedAPI.framework */ = {isa = PBXFileReference; explicitFileType = wrapper.framework; path = EssentialFeedAPI.framework; sourceTree = BUILT_PRODUCTS_DIR; };
		73CB84AD258E5D7100E9FF4A /* EssentialFeedCache.framework */ = {isa = PBXFileReference; explicitFileType = wrapper.framework; path = EssentialFeedCache.framework; sourceTree = BUILT_PRODUCTS_DIR; };
		73EB33AD258C938C001B46A2 /* FeedImageDataLoaderSpy.swift */ = {isa = PBXFileReference; lastKnownFileType = sourcecode.swift; path = FeedImageDataLoaderSpy.swift; sourceTree = "<group>"; };
		73EB33B0258C9473001B46A2 /* XCTestCase+FeedImageDataLoader.swift */ = {isa = PBXFileReference; lastKnownFileType = sourcecode.swift; path = "XCTestCase+FeedImageDataLoader.swift"; sourceTree = "<group>"; };
		73F936B0258ECB5E00175DCF /* EssentialFeedCache.framework */ = {isa = PBXFileReference; explicitFileType = wrapper.framework; path = EssentialFeedCache.framework; sourceTree = BUILT_PRODUCTS_DIR; };
/* End PBXFileReference section */

/* Begin PBXFrameworksBuildPhase section */
		733BCC452589DA0000114C88 /* Frameworks */ = {
			isa = PBXFrameworksBuildPhase;
			buildActionMask = 2147483647;
			files = (
				73C4D4702590FBF200D93D51 /* EssentialFeedPresentation.framework in Frameworks */,
				73F936B1258ECB5E00175DCF /* EssentialFeedCache.framework in Frameworks */,
				73CB8291258E516A00E9FF4A /* EssentialFeedAPI.framework in Frameworks */,
				733BCC902589DCA200114C88 /* EssentialFeed.framework in Frameworks */,
				733BCC922589DCA200114C88 /* EssentialFeediOS.framework in Frameworks */,
			);
			runOnlyForDeploymentPostprocessing = 0;
		};
		733BCC5B2589DA0300114C88 /* Frameworks */ = {
			isa = PBXFrameworksBuildPhase;
			buildActionMask = 2147483647;
			files = (
			);
			runOnlyForDeploymentPostprocessing = 0;
		};
/* End PBXFrameworksBuildPhase section */

/* Begin PBXGroup section */
		733BCC3F2589DA0000114C88 = {
			isa = PBXGroup;
			children = (
				733BCC4A2589DA0000114C88 /* EssentialApp */,
				733BCC612589DA0300114C88 /* EssentialAppTests */,
				733BCC492589DA0000114C88 /* Products */,
				733BCC8D2589DCA200114C88 /* Frameworks */,
			);
			sourceTree = "<group>";
		};
		733BCC492589DA0000114C88 /* Products */ = {
			isa = PBXGroup;
			children = (
				733BCC482589DA0000114C88 /* EssentialApp.app */,
				733BCC5E2589DA0300114C88 /* EssentialAppTests.xctest */,
			);
			name = Products;
			sourceTree = "<group>";
		};
		733BCC4A2589DA0000114C88 /* EssentialApp */ = {
			isa = PBXGroup;
			children = (
				735EF14225921709000C15E8 /* CombineHelpers.swift */,
				73CB8155258E2D7300E9FF4A /* FeedUIComposer.swift */,
				732C18C525A0AD4700AB50C2 /* CommentsUIComposer.swift */,
				73CB8158258E2D7400E9FF4A /* WeakRefVirtualProxy.swift */,
				73CB815A258E2D7400E9FF4A /* LoadResourcePresentationAdapter.swift */,
				73CB8159258E2D7400E9FF4A /* FeedViewAdapter.swift */,
				733BCC4B2589DA0000114C88 /* AppDelegate.swift */,
				733BCC4D2589DA0000114C88 /* SceneDelegate.swift */,
				733BCC542589DA0300114C88 /* Assets.xcassets */,
				733BCC562589DA0300114C88 /* LaunchScreen.storyboard */,
				733BCC592589DA0300114C88 /* Info.plist */,
			);
			path = EssentialApp;
			sourceTree = "<group>";
		};
		733BCC612589DA0300114C88 /* EssentialAppTests */ = {
			isa = PBXGroup;
			children = (
				733BCC642589DA0300114C88 /* Info.plist */,
				735FDED2258B452D00E52E10 /* Helpers */,
				73CB8110258E271C00E9FF4A /* SceneDelegateTests.swift */,
				73CB818D258E2DE000E9FF4A /* FeedUIIntegrationTests.swift */,
				73CB819E258E30FA00E9FF4A /* FeedAcceptanceTests.swift */,
				732C18C025A0AA2F00AB50C2 /* CommentsUIIntegrationTests.swift */,
			);
			path = EssentialAppTests;
			sourceTree = "<group>";
		};
		733BCC8D2589DCA200114C88 /* Frameworks */ = {
			isa = PBXGroup;
			children = (
				73C4D46F2590FBF200D93D51 /* EssentialFeedPresentation.framework */,
				73F936B0258ECB5E00175DCF /* EssentialFeedCache.framework */,
				73CB84AD258E5D7100E9FF4A /* EssentialFeedCache.framework */,
				73CB8290258E516A00E9FF4A /* EssentialFeedAPI.framework */,
				733BCC8E2589DCA200114C88 /* EssentialFeed.framework */,
				733BCC8F2589DCA200114C88 /* EssentialFeediOS.framework */,
			);
			name = Frameworks;
			sourceTree = "<group>";
		};
		735FDED2258B452D00E52E10 /* Helpers */ = {
			isa = PBXGroup;
			children = (
				73CB8170258E2DB700E9FF4A /* UIImage+TestHelpers.swift */,
				73CB8175258E2DB700E9FF4A /* UIRefreshControl+TestHelpers.swift */,
				73CB816E258E2DB600E9FF4A /* UIButton+TestHelpers.swift */,
				73CB816F258E2DB600E9FF4A /* UIControl+TestHelpers.swift */,
				73CB8171258E2DB700E9FF4A /* ListViewController+TestHelpers.swift */,
				73CB816D258E2DB600E9FF4A /* FeedUIIntegrationTests+LoaderSpy.swift */,
				73CB8172258E2DB700E9FF4A /* FeedUIIntegrationTests+Assertions.swift */,
				73CB8173258E2DB700E9FF4A /* FeedUIIntegrationTests+Localization.swift */,
				73CB8174258E2DB700E9FF4A /* FeedImageCell+TestHelpers.swift */,
				735FDED3258B453900E52E10 /* XCTestCase+MemoryLeakTracking.swift */,
				735FDED8258B45A400E52E10 /* SharedTestHelpers.swift */,
				73EB33AD258C938C001B46A2 /* FeedImageDataLoaderSpy.swift */,
				73EB33B0258C9473001B46A2 /* XCTestCase+FeedImageDataLoader.swift */,
				73CB81A8258E3A8600E9FF4A /* HTTPClientStub.swift */,
				73CB81AB258E3AD100E9FF4A /* InMemoryFeedStore.swift */,
				73CB81E0258E492500E9FF4A /* UIView+TestHelpers.swift */,
			);
			path = Helpers;
			sourceTree = "<group>";
		};
/* End PBXGroup section */

/* Begin PBXNativeTarget section */
		733BCC472589DA0000114C88 /* EssentialApp */ = {
			isa = PBXNativeTarget;
			buildConfigurationList = 733BCC722589DA0300114C88 /* Build configuration list for PBXNativeTarget "EssentialApp" */;
			buildPhases = (
				733BCC442589DA0000114C88 /* Sources */,
				733BCC452589DA0000114C88 /* Frameworks */,
				733BCC462589DA0000114C88 /* Resources */,
				733BCC942589DCA200114C88 /* Embed Frameworks */,
			);
			buildRules = (
			);
			dependencies = (
			);
			name = EssentialApp;
			productName = EssentialApp;
			productReference = 733BCC482589DA0000114C88 /* EssentialApp.app */;
			productType = "com.apple.product-type.application";
		};
		733BCC5D2589DA0300114C88 /* EssentialAppTests */ = {
			isa = PBXNativeTarget;
			buildConfigurationList = 733BCC752589DA0300114C88 /* Build configuration list for PBXNativeTarget "EssentialAppTests" */;
			buildPhases = (
				733BCC5A2589DA0300114C88 /* Sources */,
				733BCC5B2589DA0300114C88 /* Frameworks */,
				733BCC5C2589DA0300114C88 /* Resources */,
			);
			buildRules = (
			);
			dependencies = (
				733BCC602589DA0300114C88 /* PBXTargetDependency */,
			);
			name = EssentialAppTests;
			productName = EssentialAppTests;
			productReference = 733BCC5E2589DA0300114C88 /* EssentialAppTests.xctest */;
			productType = "com.apple.product-type.bundle.unit-test";
		};
/* End PBXNativeTarget section */

/* Begin PBXProject section */
		733BCC402589DA0000114C88 /* Project object */ = {
			isa = PBXProject;
			attributes = {
				LastSwiftUpdateCheck = 1220;
				LastUpgradeCheck = 1220;
				TargetAttributes = {
					733BCC472589DA0000114C88 = {
						CreatedOnToolsVersion = 12.2;
					};
					733BCC5D2589DA0300114C88 = {
						CreatedOnToolsVersion = 12.2;
						LastSwiftMigration = 1220;
						TestTargetID = 733BCC472589DA0000114C88;
					};
				};
			};
			buildConfigurationList = 733BCC432589DA0000114C88 /* Build configuration list for PBXProject "EssentialApp" */;
			compatibilityVersion = "Xcode 9.3";
			developmentRegion = en;
			hasScannedForEncodings = 0;
			knownRegions = (
				en,
				Base,
			);
			mainGroup = 733BCC3F2589DA0000114C88;
			productRefGroup = 733BCC492589DA0000114C88 /* Products */;
			projectDirPath = "";
			projectRoot = "";
			targets = (
				733BCC472589DA0000114C88 /* EssentialApp */,
				733BCC5D2589DA0300114C88 /* EssentialAppTests */,
			);
		};
/* End PBXProject section */

/* Begin PBXResourcesBuildPhase section */
		733BCC462589DA0000114C88 /* Resources */ = {
			isa = PBXResourcesBuildPhase;
			buildActionMask = 2147483647;
			files = (
				733BCC582589DA0300114C88 /* LaunchScreen.storyboard in Resources */,
				733BCC552589DA0300114C88 /* Assets.xcassets in Resources */,
			);
			runOnlyForDeploymentPostprocessing = 0;
		};
		733BCC5C2589DA0300114C88 /* Resources */ = {
			isa = PBXResourcesBuildPhase;
			buildActionMask = 2147483647;
			files = (
			);
			runOnlyForDeploymentPostprocessing = 0;
		};
/* End PBXResourcesBuildPhase section */

/* Begin PBXSourcesBuildPhase section */
		733BCC442589DA0000114C88 /* Sources */ = {
			isa = PBXSourcesBuildPhase;
			buildActionMask = 2147483647;
			files = (
				73CB815E258E2D7400E9FF4A /* LoadResourcePresentationAdapter.swift in Sources */,
				735EF14325921709000C15E8 /* CombineHelpers.swift in Sources */,
				73CB815F258E2D7400E9FF4A /* FeedViewAdapter.swift in Sources */,
				733BCC4C2589DA0000114C88 /* AppDelegate.swift in Sources */,
				73CB815B258E2D7400E9FF4A /* WeakRefVirtualProxy.swift in Sources */,
				73CB8160258E2D7400E9FF4A /* FeedUIComposer.swift in Sources */,
				733BCC4E2589DA0000114C88 /* SceneDelegate.swift in Sources */,
				732C18C625A0AD4700AB50C2 /* CommentsUIComposer.swift in Sources */,
			);
			runOnlyForDeploymentPostprocessing = 0;
		};
		733BCC5A2589DA0300114C88 /* Sources */ = {
			isa = PBXSourcesBuildPhase;
			buildActionMask = 2147483647;
			files = (
				732C18C225A0AA2F00AB50C2 /* CommentsUIIntegrationTests.swift in Sources */,
				73CB817B258E2DB700E9FF4A /* FeedUIIntegrationTests+LoaderSpy.swift in Sources */,
				735FDED9258B45A400E52E10 /* SharedTestHelpers.swift in Sources */,
				73CB817A258E2DB700E9FF4A /* UIControl+TestHelpers.swift in Sources */,
				73CB817C258E2DB700E9FF4A /* UIButton+TestHelpers.swift in Sources */,
				73CB8178258E2DB700E9FF4A /* UIImage+TestHelpers.swift in Sources */,
				73CB8179258E2DB700E9FF4A /* FeedUIIntegrationTests+Assertions.swift in Sources */,
				73CB817E258E2DB700E9FF4A /* ListViewController+TestHelpers.swift in Sources */,
				73CB8112258E271C00E9FF4A /* SceneDelegateTests.swift in Sources */,
				73CB81AC258E3AD100E9FF4A /* InMemoryFeedStore.swift in Sources */,
				73EB33AE258C938C001B46A2 /* FeedImageDataLoaderSpy.swift in Sources */,
				73EB33B1258C9473001B46A2 /* XCTestCase+FeedImageDataLoader.swift in Sources */,
				73CB8176258E2DB700E9FF4A /* FeedImageCell+TestHelpers.swift in Sources */,
				73CB8177258E2DB700E9FF4A /* UIRefreshControl+TestHelpers.swift in Sources */,
				73CB81A9258E3A8600E9FF4A /* HTTPClientStub.swift in Sources */,
				73CB817D258E2DB700E9FF4A /* FeedUIIntegrationTests+Localization.swift in Sources */,
				73CB81E1258E492500E9FF4A /* UIView+TestHelpers.swift in Sources */,
				73CB81A0258E30FA00E9FF4A /* FeedAcceptanceTests.swift in Sources */,
				73CB818E258E2DE000E9FF4A /* FeedUIIntegrationTests.swift in Sources */,
				735FDED4258B453900E52E10 /* XCTestCase+MemoryLeakTracking.swift in Sources */,
			);
			runOnlyForDeploymentPostprocessing = 0;
		};
/* End PBXSourcesBuildPhase section */

/* Begin PBXTargetDependency section */
		733BCC602589DA0300114C88 /* PBXTargetDependency */ = {
			isa = PBXTargetDependency;
			target = 733BCC472589DA0000114C88 /* EssentialApp */;
			targetProxy = 733BCC5F2589DA0300114C88 /* PBXContainerItemProxy */;
		};
/* End PBXTargetDependency section */

/* Begin PBXVariantGroup section */
		733BCC562589DA0300114C88 /* LaunchScreen.storyboard */ = {
			isa = PBXVariantGroup;
			children = (
				733BCC572589DA0300114C88 /* Base */,
			);
			name = LaunchScreen.storyboard;
			sourceTree = "<group>";
		};
/* End PBXVariantGroup section */

/* Begin XCBuildConfiguration section */
		733BCC702589DA0300114C88 /* Debug */ = {
			isa = XCBuildConfiguration;
			buildSettings = {
				ALWAYS_SEARCH_USER_PATHS = NO;
				CLANG_ANALYZER_NONNULL = YES;
				CLANG_ANALYZER_NUMBER_OBJECT_CONVERSION = YES_AGGRESSIVE;
				CLANG_CXX_LANGUAGE_STANDARD = "gnu++14";
				CLANG_CXX_LIBRARY = "libc++";
				CLANG_ENABLE_MODULES = YES;
				CLANG_ENABLE_OBJC_ARC = YES;
				CLANG_ENABLE_OBJC_WEAK = YES;
				CLANG_WARN_BLOCK_CAPTURE_AUTORELEASING = YES;
				CLANG_WARN_BOOL_CONVERSION = YES;
				CLANG_WARN_COMMA = YES;
				CLANG_WARN_CONSTANT_CONVERSION = YES;
				CLANG_WARN_DEPRECATED_OBJC_IMPLEMENTATIONS = YES;
				CLANG_WARN_DIRECT_OBJC_ISA_USAGE = YES_ERROR;
				CLANG_WARN_DOCUMENTATION_COMMENTS = YES;
				CLANG_WARN_EMPTY_BODY = YES;
				CLANG_WARN_ENUM_CONVERSION = YES;
				CLANG_WARN_INFINITE_RECURSION = YES;
				CLANG_WARN_INT_CONVERSION = YES;
				CLANG_WARN_NON_LITERAL_NULL_CONVERSION = YES;
				CLANG_WARN_OBJC_IMPLICIT_RETAIN_SELF = YES;
				CLANG_WARN_OBJC_LITERAL_CONVERSION = YES;
				CLANG_WARN_OBJC_ROOT_CLASS = YES_ERROR;
				CLANG_WARN_QUOTED_INCLUDE_IN_FRAMEWORK_HEADER = YES;
				CLANG_WARN_RANGE_LOOP_ANALYSIS = YES;
				CLANG_WARN_STRICT_PROTOTYPES = YES;
				CLANG_WARN_SUSPICIOUS_MOVE = YES;
				CLANG_WARN_UNGUARDED_AVAILABILITY = YES_AGGRESSIVE;
				CLANG_WARN_UNREACHABLE_CODE = YES;
				CLANG_WARN__DUPLICATE_METHOD_MATCH = YES;
				COPY_PHASE_STRIP = NO;
				DEBUG_INFORMATION_FORMAT = dwarf;
				ENABLE_STRICT_OBJC_MSGSEND = YES;
				ENABLE_TESTABILITY = YES;
				GCC_C_LANGUAGE_STANDARD = gnu11;
				GCC_DYNAMIC_NO_PIC = NO;
				GCC_NO_COMMON_BLOCKS = YES;
				GCC_OPTIMIZATION_LEVEL = 0;
				GCC_PREPROCESSOR_DEFINITIONS = (
					"DEBUG=1",
					"$(inherited)",
				);
				GCC_WARN_64_TO_32_BIT_CONVERSION = YES;
				GCC_WARN_ABOUT_RETURN_TYPE = YES_ERROR;
				GCC_WARN_UNDECLARED_SELECTOR = YES;
				GCC_WARN_UNINITIALIZED_AUTOS = YES_AGGRESSIVE;
				GCC_WARN_UNUSED_FUNCTION = YES;
				GCC_WARN_UNUSED_VARIABLE = YES;
				IPHONEOS_DEPLOYMENT_TARGET = 14.2;
				MTL_ENABLE_DEBUG_INFO = INCLUDE_SOURCE;
				MTL_FAST_MATH = YES;
				ONLY_ACTIVE_ARCH = YES;
				SDKROOT = iphoneos;
				SWIFT_ACTIVE_COMPILATION_CONDITIONS = DEBUG;
				SWIFT_OPTIMIZATION_LEVEL = "-Onone";
			};
			name = Debug;
		};
		733BCC712589DA0300114C88 /* Release */ = {
			isa = XCBuildConfiguration;
			buildSettings = {
				ALWAYS_SEARCH_USER_PATHS = NO;
				CLANG_ANALYZER_NONNULL = YES;
				CLANG_ANALYZER_NUMBER_OBJECT_CONVERSION = YES_AGGRESSIVE;
				CLANG_CXX_LANGUAGE_STANDARD = "gnu++14";
				CLANG_CXX_LIBRARY = "libc++";
				CLANG_ENABLE_MODULES = YES;
				CLANG_ENABLE_OBJC_ARC = YES;
				CLANG_ENABLE_OBJC_WEAK = YES;
				CLANG_WARN_BLOCK_CAPTURE_AUTORELEASING = YES;
				CLANG_WARN_BOOL_CONVERSION = YES;
				CLANG_WARN_COMMA = YES;
				CLANG_WARN_CONSTANT_CONVERSION = YES;
				CLANG_WARN_DEPRECATED_OBJC_IMPLEMENTATIONS = YES;
				CLANG_WARN_DIRECT_OBJC_ISA_USAGE = YES_ERROR;
				CLANG_WARN_DOCUMENTATION_COMMENTS = YES;
				CLANG_WARN_EMPTY_BODY = YES;
				CLANG_WARN_ENUM_CONVERSION = YES;
				CLANG_WARN_INFINITE_RECURSION = YES;
				CLANG_WARN_INT_CONVERSION = YES;
				CLANG_WARN_NON_LITERAL_NULL_CONVERSION = YES;
				CLANG_WARN_OBJC_IMPLICIT_RETAIN_SELF = YES;
				CLANG_WARN_OBJC_LITERAL_CONVERSION = YES;
				CLANG_WARN_OBJC_ROOT_CLASS = YES_ERROR;
				CLANG_WARN_QUOTED_INCLUDE_IN_FRAMEWORK_HEADER = YES;
				CLANG_WARN_RANGE_LOOP_ANALYSIS = YES;
				CLANG_WARN_STRICT_PROTOTYPES = YES;
				CLANG_WARN_SUSPICIOUS_MOVE = YES;
				CLANG_WARN_UNGUARDED_AVAILABILITY = YES_AGGRESSIVE;
				CLANG_WARN_UNREACHABLE_CODE = YES;
				CLANG_WARN__DUPLICATE_METHOD_MATCH = YES;
				COPY_PHASE_STRIP = NO;
				DEBUG_INFORMATION_FORMAT = "dwarf-with-dsym";
				ENABLE_NS_ASSERTIONS = NO;
				ENABLE_STRICT_OBJC_MSGSEND = YES;
				GCC_C_LANGUAGE_STANDARD = gnu11;
				GCC_NO_COMMON_BLOCKS = YES;
				GCC_WARN_64_TO_32_BIT_CONVERSION = YES;
				GCC_WARN_ABOUT_RETURN_TYPE = YES_ERROR;
				GCC_WARN_UNDECLARED_SELECTOR = YES;
				GCC_WARN_UNINITIALIZED_AUTOS = YES_AGGRESSIVE;
				GCC_WARN_UNUSED_FUNCTION = YES;
				GCC_WARN_UNUSED_VARIABLE = YES;
				IPHONEOS_DEPLOYMENT_TARGET = 14.2;
				MTL_ENABLE_DEBUG_INFO = NO;
				MTL_FAST_MATH = YES;
				SDKROOT = iphoneos;
				SWIFT_COMPILATION_MODE = wholemodule;
				SWIFT_OPTIMIZATION_LEVEL = "-O";
				VALIDATE_PRODUCT = YES;
			};
			name = Release;
		};
		733BCC732589DA0300114C88 /* Debug */ = {
			isa = XCBuildConfiguration;
			buildSettings = {
				ASSETCATALOG_COMPILER_APPICON_NAME = AppIcon;
				ASSETCATALOG_COMPILER_GLOBAL_ACCENT_COLOR_NAME = AccentColor;
				CLANG_ENABLE_MODULES = YES;
				CODE_SIGN_IDENTITY = "Apple Development";
				CODE_SIGN_STYLE = Automatic;
				DEFINES_MODULE = NO;
				DEVELOPMENT_TEAM = CF3B3QT65H;
				INFOPLIST_FILE = EssentialApp/Info.plist;
				IPHONEOS_DEPLOYMENT_TARGET = 13.0;
				LD_RUNPATH_SEARCH_PATHS = (
					"$(inherited)",
					"@executable_path/Frameworks",
				);
				MARKETING_VERSION = 1.007.1;
				PRODUCT_BUNDLE_IDENTIFIER = com.maxim.soldatov.EssentialApp;
				PRODUCT_NAME = "$(TARGET_NAME)";
				PROVISIONING_PROFILE_SPECIFIER = "";
				SWIFT_VERSION = 5.0;
				TARGETED_DEVICE_FAMILY = "1,2";
			};
			name = Debug;
		};
		733BCC742589DA0300114C88 /* Release */ = {
			isa = XCBuildConfiguration;
			buildSettings = {
				ASSETCATALOG_COMPILER_APPICON_NAME = AppIcon;
				ASSETCATALOG_COMPILER_GLOBAL_ACCENT_COLOR_NAME = AccentColor;
				CLANG_ENABLE_MODULES = YES;
				CODE_SIGN_IDENTITY = "Apple Distribution: Maksim Soldatov (CF3B3QT65H)";
				CODE_SIGN_STYLE = Manual;
				DEFINES_MODULE = NO;
				DEVELOPMENT_TEAM = CF3B3QT65H;
				INFOPLIST_FILE = EssentialApp/Info.plist;
				IPHONEOS_DEPLOYMENT_TARGET = 13.0;
				LD_RUNPATH_SEARCH_PATHS = (
					"$(inherited)",
					"@executable_path/Frameworks",
				);
				MARKETING_VERSION = 1.007.1;
				PRODUCT_BUNDLE_IDENTIFIER = com.maxim.soldatov.EssentialApp;
				PRODUCT_NAME = "$(TARGET_NAME)";
				PROVISIONING_PROFILE_SPECIFIER = new_profile;
				SWIFT_VERSION = 5.0;
				TARGETED_DEVICE_FAMILY = "1,2";
			};
			name = Release;
		};
		733BCC762589DA0300114C88 /* Debug */ = {
			isa = XCBuildConfiguration;
			buildSettings = {
				ALWAYS_EMBED_SWIFT_STANDARD_LIBRARIES = YES;
				BUNDLE_LOADER = "$(TEST_HOST)";
				CLANG_ENABLE_MODULES = YES;
				CODE_SIGN_STYLE = Automatic;
				DEVELOPMENT_TEAM = CF3B3QT65H;
				INFOPLIST_FILE = EssentialAppTests/Info.plist;
				IPHONEOS_DEPLOYMENT_TARGET = 14.2;
				LD_RUNPATH_SEARCH_PATHS = (
					"$(inherited)",
					"@executable_path/Frameworks",
					"@loader_path/Frameworks",
				);
				PRODUCT_BUNDLE_IDENTIFIER = com.maxim.soldatov.EssentialAppTests;
				PRODUCT_NAME = "$(TARGET_NAME)";
				SWIFT_OPTIMIZATION_LEVEL = "-Onone";
				SWIFT_VERSION = 5.0;
				TARGETED_DEVICE_FAMILY = "1,2";
				TEST_HOST = "$(BUILT_PRODUCTS_DIR)/EssentialApp.app/EssentialApp";
			};
			name = Debug;
		};
		733BCC772589DA0300114C88 /* Release */ = {
			isa = XCBuildConfiguration;
			buildSettings = {
				ALWAYS_EMBED_SWIFT_STANDARD_LIBRARIES = YES;
				BUNDLE_LOADER = "$(TEST_HOST)";
				CLANG_ENABLE_MODULES = YES;
				CODE_SIGN_STYLE = Automatic;
				DEVELOPMENT_TEAM = CF3B3QT65H;
				INFOPLIST_FILE = EssentialAppTests/Info.plist;
				IPHONEOS_DEPLOYMENT_TARGET = 14.2;
				LD_RUNPATH_SEARCH_PATHS = (
					"$(inherited)",
					"@executable_path/Frameworks",
					"@loader_path/Frameworks",
				);
				PRODUCT_BUNDLE_IDENTIFIER = com.maxim.soldatov.EssentialAppTests;
				PRODUCT_NAME = "$(TARGET_NAME)";
				SWIFT_VERSION = 5.0;
				TARGETED_DEVICE_FAMILY = "1,2";
				TEST_HOST = "$(BUILT_PRODUCTS_DIR)/EssentialApp.app/EssentialApp";
			};
			name = Release;
		};
/* End XCBuildConfiguration section */

/* Begin XCConfigurationList section */
		733BCC432589DA0000114C88 /* Build configuration list for PBXProject "EssentialApp" */ = {
			isa = XCConfigurationList;
			buildConfigurations = (
				733BCC702589DA0300114C88 /* Debug */,
				733BCC712589DA0300114C88 /* Release */,
			);
			defaultConfigurationIsVisible = 0;
			defaultConfigurationName = Release;
		};
		733BCC722589DA0300114C88 /* Build configuration list for PBXNativeTarget "EssentialApp" */ = {
			isa = XCConfigurationList;
			buildConfigurations = (
				733BCC732589DA0300114C88 /* Debug */,
				733BCC742589DA0300114C88 /* Release */,
			);
			defaultConfigurationIsVisible = 0;
			defaultConfigurationName = Release;
		};
		733BCC752589DA0300114C88 /* Build configuration list for PBXNativeTarget "EssentialAppTests" */ = {
			isa = XCConfigurationList;
			buildConfigurations = (
				733BCC762589DA0300114C88 /* Debug */,
				733BCC772589DA0300114C88 /* Release */,
			);
			defaultConfigurationIsVisible = 0;
			defaultConfigurationName = Release;
		};
/* End XCConfigurationList section */
	};
	rootObject = 733BCC402589DA0000114C88 /* Project object */;
}
